
Microsoft Visual Studio Solution File, Format Version 12.00
# Visual Studio 14
VisualStudioVersion = 14.0.25420.1
MinimumVisualStudioVersion = 10.0.40219.1
Project("{2150E333-8FDC-42A3-9474-1A3956D46DE8}") = "src", "src", "{49D9F98D-2E51-4A92-896E-E24CFD25BF1E}"
EndProject
Project("{2150E333-8FDC-42A3-9474-1A3956D46DE8}") = "WPF", "WPF", "{0C9CBDD8-8ED0-4B16-8C1E-34C86FBECB9C}"
EndProject
Project("{2150E333-8FDC-42A3-9474-1A3956D46DE8}") = "Prism", "Prism", "{CA23DBAE-4E2A-47C4-9E3B-F76308F8F054}"
EndProject
Project("{FAE04EC0-301F-11D3-BF4B-00C04F79EFBC}") = "SportBetting.WPF.Prism.Shared", "SportBetting.WPF.Prism.Shared\SportBetting.WPF.Prism.Shared.csproj", "{79E50E95-4E0E-4C85-B9AE-E42CC380E2D3}"
EndProject
Project("{2150E333-8FDC-42A3-9474-1A3956D46DE8}") = "nbts", "nbts", "{6FD89E5C-7854-4745-8DE4-A475642DAC38}"
EndProject
Project("{FAE04EC0-301F-11D3-BF4B-00C04F79EFBC}") = "SportBetting.WPF.Prism.Database", "SportBetting.WPF.Prism.Database\SportBetting.WPF.Prism.Database.csproj", "{6BCF1CE1-B0FB-4E91-968B-D826A046EC14}"
EndProject
Project("{FAE04EC0-301F-11D3-BF4B-00C04F79EFBC}") = "CashIn_2010", "..\..\SCF\SCF\CashIn_2010.csproj", "{461604F0-67C4-4AFF-AA82-6F5179944190}"
EndProject
Project("{FAE04EC0-301F-11D3-BF4B-00C04F79EFBC}") = "Spf_2010", "..\..\SPF\SPF\Spf_2010.csproj", "{B51C2CE2-AEA5-4FFA-83CE-B799EB662EB5}"
EndProject
Project("{FAE04EC0-301F-11D3-BF4B-00C04F79EFBC}") = "SportBetting.WPF.Prism.Modules.Keyboard", "SportBetting.WPF.Prism.Modules.Keyboard\SportBetting.WPF.Prism.Modules.Keyboard.csproj", "{827FB93F-45CF-47AD-A728-62CB5573AFE3}"
EndProject
Project("{FAE04EC0-301F-11D3-BF4B-00C04F79EFBC}") = "JHLib", "SportBetting.WPF.Prism.Modules.Keyboard\JHLib\JHLib.csproj", "{BC955177-E070-4C54-9AD1-E7CAC1C8FD3F}"
EndProject
Project("{FAE04EC0-301F-11D3-BF4B-00C04F79EFBC}") = "SportBetting.Updater", "SportBetting.Updater\SportBetting.Updater.csproj", "{3DDA38DA-702C-408E-B56F-BEFF75D1B69D}"
EndProject
Project("{FAE04EC0-301F-11D3-BF4B-00C04F79EFBC}") = "SportBetting.WPF.Prism.Modules.Services", "SportBetting.WPF.Prism.Modules.Services\SportBetting.WPF.Prism.Modules.Services.csproj", "{A596DF82-427C-42C7-AF87-9B42F27E9C8B}"
EndProject
Project("{FAE04EC0-301F-11D3-BF4B-00C04F79EFBC}") = "SportBetting.WPF.Prism.Modules.Aspects", "SportBetting.WPF.Prism.Modules.Aspects\SportBetting.WPF.Prism.Modules.Aspects.csproj", "{14A195A7-C838-49EF-85D1-56A0E61CD64D}"
EndProject
Project("{FAE04EC0-301F-11D3-BF4B-00C04F79EFBC}") = "MVVMTest", "MVVMTest\MVVMTest.csproj", "{E9EED45C-F1D6-4AD3-B7A3-51AA9B7A5DA9}"
EndProject
Project("{2150E333-8FDC-42A3-9474-1A3956D46DE8}") = "Config", "Config", "{08BD705F-1997-47AD-B30A-6DFDFA00E53A}"
	ProjectSection(SolutionItems) = preProject
		..\Config\PrefFile.txt = ..\Config\PrefFile.txt
	EndProjectSection
EndProject
Project("{2150E333-8FDC-42A3-9474-1A3956D46DE8}") = "Solution Items", "Solution Items", "{F1A46D24-A7F2-464B-9055-4EE8A3E2BBFA}"
	ProjectSection(SolutionItems) = preProject
		Performance1.psess = Performance1.psess
		Performance2.psess = Performance2.psess
	EndProjectSection
EndProject
Project("{FAE04EC0-301F-11D3-BF4B-00C04F79EFBC}") = "BaseObjects", "BaseObjects\BaseObjects.csproj", "{A2A567ED-2E6A-4885-8287-87A903D0B36D}"
EndProject
Project("{FAE04EC0-301F-11D3-BF4B-00C04F79EFBC}") = "Preferences", "Preferences\Preferences.csproj", "{F70EEADB-C6BA-4F62-B50F-21A02810E168}"
EndProject
Project("{FAE04EC0-301F-11D3-BF4B-00C04F79EFBC}") = "Common", "..\..\OutletBetting\Common\Common.csproj", "{0D4E9E7E-235A-445F-A97F-D502FBAF47C7}"
EndProject
Project("{FAE04EC0-301F-11D3-BF4B-00C04F79EFBC}") = "DAL", "..\..\OutletBetting\DAL\DAL.csproj", "{8AC0E79B-EFDB-45F5-9F3E-F644ADB93A89}"
EndProject
Project("{FAE04EC0-301F-11D3-BF4B-00C04F79EFBC}") = "IocContainer", "..\..\OutletBetting\IocContainer\IocContainer.csproj", "{171E5DB2-EAC9-42F8-B171-67E91A3B3417}"
EndProject
Project("{FAE04EC0-301F-11D3-BF4B-00C04F79EFBC}") = "Shared", "..\..\OutletBetting\Shared\Shared.csproj", "{39E0A93B-4CB5-4EAB-B656-16412D54C60C}"
EndProject
Project("{FAE04EC0-301F-11D3-BF4B-00C04F79EFBC}") = "SharedInterfaces", "..\..\OutletBetting\SharedInterfaces\SharedInterfaces.csproj", "{4FE76384-166F-46AC-894B-EC233EBE4354}"
EndProject
Project("{FAE04EC0-301F-11D3-BF4B-00C04F79EFBC}") = "SportRadarOldLineProvider", "..\..\OutletBetting\SportRadarOldLineProvider\SportRadarOldLineProvider.csproj", "{6632744F-8661-44CF-BDD6-BC7C12F950FB}"
EndProject
Project("{FAE04EC0-301F-11D3-BF4B-00C04F79EFBC}") = "TranslationByMarkupExtension", "..\..\OutletBetting\TranslationByMarkupExtension\TranslationByMarkupExtension.csproj", "{11107EB4-AEAD-40DA-90CE-B226E34E14FC}"
EndProject
Project("{FAE04EC0-301F-11D3-BF4B-00C04F79EFBC}") = "WsdlRepository", "..\..\OutletBetting\WsdlRepository\WsdlRepository.csproj", "{CAF16909-50E9-4C34-A515-6AC38F21EBC4}"
EndProject
Project("{2150E333-8FDC-42A3-9474-1A3956D46DE8}") = ".nuget", ".nuget", "{25C52E01-7DEA-49DB-A5FC-2B9EA4BB9F55}"
	ProjectSection(SolutionItems) = preProject
		.nuget\NuGet.Config = .nuget\NuGet.Config
		.nuget\NuGet.exe = .nuget\NuGet.exe
		.nuget\NuGet.targets = .nuget\NuGet.targets
	EndProjectSection
EndProject
Project("{FAE04EC0-301F-11D3-BF4B-00C04F79EFBC}") = "restarter", "restarter\restarter.csproj", "{65970A87-C528-4C43-A437-17754EB7AF89}"
EndProject
Project("{FAE04EC0-301F-11D3-BF4B-00C04F79EFBC}") = "NLogger", "..\..\OutletBetting\NLogger\NLogger.csproj", "{ADB304C4-7777-4602-99D4-11705451F9D7}"
EndProject
Project("{FAE04EC0-301F-11D3-BF4B-00C04F79EFBC}") = "Emulator", "Emulator\Emulator\Emulator\Emulator.csproj", "{6720EDC1-A2C4-4774-8F6A-B567437E22A9}"
EndProject
Project("{FAE04EC0-301F-11D3-BF4B-00C04F79EFBC}") = "SerialPortManager", "SerialPortmManager\SerialPortmanager\SerialPortManager.csproj", "{02E57AC9-AE08-4BA4-B401-F10107CBD338}"
EndProject
Project("{FAE04EC0-301F-11D3-BF4B-00C04F79EFBC}") = "MainWpfWindow", "SportBetting.WPF.MainWindow\MainWpfWindow.csproj", "{C498BDF6-5864-4293-8C4B-09CB50BE9DD2}"
EndProject
Project("{FAE04EC0-301F-11D3-BF4B-00C04F79EFBC}") = "SportBetting.Wpf.Prism", "SportBetting.Wpf.Prism\SportBetting.Wpf.Prism.csproj", "{F0AF866C-A54E-46E1-AA0C-C1F035363E86}"
EndProject
Project("{FAE04EC0-301F-11D3-BF4B-00C04F79EFBC}") = "DefaultViews", "DefaultViews\DefaultViews.csproj", "{AF2BCE08-C65B-44A3-B4C9-64C0A692E3D3}"
EndProject
Project("{FAE04EC0-301F-11D3-BF4B-00C04F79EFBC}") = "ViewModels", "ViewModels\ViewModels.csproj", "{F535DE63-18AD-4205-A6EE-1EBFE0121372}"
EndProject
Project("{FAE04EC0-301F-11D3-BF4B-00C04F79EFBC}") = "Betcenter", "Betcenter\Betcenter.csproj", "{4BCA4727-2F51-47AC-B2AE-72B357F7BAB7}"
EndProject
Project("{FAE04EC0-301F-11D3-BF4B-00C04F79EFBC}") = "BlackWhite", "BlackWhite\BlackWhite.csproj", "{2478624C-8EE9-4887-9486-8329FF77EC9B}"
EndProject
Project("{FAE04EC0-301F-11D3-BF4B-00C04F79EFBC}") = "WebLiveMonitorWindowApp", "WebLiveMonitorWindowApp\WebLiveMonitorWindowApp.csproj", "{603B4E44-2EF1-4586-8253-812D574E298D}"
EndProject
Project("{FAE04EC0-301F-11D3-BF4B-00C04F79EFBC}") = "Betstation", "Betstation\Betstation.csproj", "{D8B2FA4F-2389-46EB-A95F-ECEC4D38791E}"
EndProject
Project("{FAE04EC0-301F-11D3-BF4B-00C04F79EFBC}") = "SmartCardReader", "SmartCardReader\SmartCardReader.csproj", "{9C7A00C6-2824-446F-B1F4-80D7989E9115}"
EndProject
Global
	GlobalSection(SolutionConfigurationPlatforms) = preSolution
		Betcenter|Any CPU = Betcenter|Any CPU
		Betcenter2|Any CPU = Betcenter2|Any CPU
		Debug|Any CPU = Debug|Any CPU
		localhost|Any CPU = localhost|Any CPU
		production|Any CPU = production|Any CPU
		Release|Any CPU = Release|Any CPU
		Staging|Any CPU = Staging|Any CPU
		Staging2|Any CPU = Staging2|Any CPU
		StagingUiTest|Any CPU = StagingUiTest|Any CPU
		vienna|Any CPU = vienna|Any CPU
		Zurich|Any CPU = Zurich|Any CPU
	EndGlobalSection
	GlobalSection(ProjectConfigurationPlatforms) = postSolution
		{79E50E95-4E0E-4C85-B9AE-E42CC380E2D3}.Betcenter|Any CPU.ActiveCfg = Betcenter|Any CPU
		{79E50E95-4E0E-4C85-B9AE-E42CC380E2D3}.Betcenter|Any CPU.Build.0 = Betcenter|Any CPU
		{79E50E95-4E0E-4C85-B9AE-E42CC380E2D3}.Betcenter2|Any CPU.ActiveCfg = Betcenter2|Any CPU
		{79E50E95-4E0E-4C85-B9AE-E42CC380E2D3}.Betcenter2|Any CPU.Build.0 = Betcenter2|Any CPU
		{79E50E95-4E0E-4C85-B9AE-E42CC380E2D3}.Debug|Any CPU.ActiveCfg = Debug|Any CPU
		{79E50E95-4E0E-4C85-B9AE-E42CC380E2D3}.Debug|Any CPU.Build.0 = Debug|Any CPU
		{79E50E95-4E0E-4C85-B9AE-E42CC380E2D3}.localhost|Any CPU.ActiveCfg = Release|Any CPU
		{79E50E95-4E0E-4C85-B9AE-E42CC380E2D3}.localhost|Any CPU.Build.0 = Release|Any CPU
		{79E50E95-4E0E-4C85-B9AE-E42CC380E2D3}.production|Any CPU.ActiveCfg = Release|Any CPU
		{79E50E95-4E0E-4C85-B9AE-E42CC380E2D3}.production|Any CPU.Build.0 = Release|Any CPU
		{79E50E95-4E0E-4C85-B9AE-E42CC380E2D3}.Release|Any CPU.ActiveCfg = Release|Any CPU
		{79E50E95-4E0E-4C85-B9AE-E42CC380E2D3}.Release|Any CPU.Build.0 = Release|Any CPU
		{79E50E95-4E0E-4C85-B9AE-E42CC380E2D3}.Staging|Any CPU.ActiveCfg = Release|Any CPU
		{79E50E95-4E0E-4C85-B9AE-E42CC380E2D3}.Staging|Any CPU.Build.0 = Release|Any CPU
		{79E50E95-4E0E-4C85-B9AE-E42CC380E2D3}.Staging2|Any CPU.ActiveCfg = Release|Any CPU
		{79E50E95-4E0E-4C85-B9AE-E42CC380E2D3}.Staging2|Any CPU.Build.0 = Release|Any CPU
		{79E50E95-4E0E-4C85-B9AE-E42CC380E2D3}.StagingUiTest|Any CPU.ActiveCfg = Release|Any CPU
		{79E50E95-4E0E-4C85-B9AE-E42CC380E2D3}.StagingUiTest|Any CPU.Build.0 = Release|Any CPU
		{79E50E95-4E0E-4C85-B9AE-E42CC380E2D3}.vienna|Any CPU.ActiveCfg = Release|Any CPU
		{79E50E95-4E0E-4C85-B9AE-E42CC380E2D3}.vienna|Any CPU.Build.0 = Release|Any CPU
		{79E50E95-4E0E-4C85-B9AE-E42CC380E2D3}.Zurich|Any CPU.ActiveCfg = Release|Any CPU
		{79E50E95-4E0E-4C85-B9AE-E42CC380E2D3}.Zurich|Any CPU.Build.0 = Release|Any CPU
		{6BCF1CE1-B0FB-4E91-968B-D826A046EC14}.Betcenter|Any CPU.ActiveCfg = Betcenter|Any CPU
		{6BCF1CE1-B0FB-4E91-968B-D826A046EC14}.Betcenter|Any CPU.Build.0 = Betcenter|Any CPU
		{6BCF1CE1-B0FB-4E91-968B-D826A046EC14}.Betcenter2|Any CPU.ActiveCfg = Betcenter2|Any CPU
		{6BCF1CE1-B0FB-4E91-968B-D826A046EC14}.Betcenter2|Any CPU.Build.0 = Betcenter2|Any CPU
		{6BCF1CE1-B0FB-4E91-968B-D826A046EC14}.Debug|Any CPU.ActiveCfg = Debug|Any CPU
		{6BCF1CE1-B0FB-4E91-968B-D826A046EC14}.Debug|Any CPU.Build.0 = Debug|Any CPU
		{6BCF1CE1-B0FB-4E91-968B-D826A046EC14}.localhost|Any CPU.ActiveCfg = Release|Any CPU
		{6BCF1CE1-B0FB-4E91-968B-D826A046EC14}.localhost|Any CPU.Build.0 = Release|Any CPU
		{6BCF1CE1-B0FB-4E91-968B-D826A046EC14}.production|Any CPU.ActiveCfg = Release|Any CPU
		{6BCF1CE1-B0FB-4E91-968B-D826A046EC14}.production|Any CPU.Build.0 = Release|Any CPU
		{6BCF1CE1-B0FB-4E91-968B-D826A046EC14}.Release|Any CPU.ActiveCfg = Release|Any CPU
		{6BCF1CE1-B0FB-4E91-968B-D826A046EC14}.Release|Any CPU.Build.0 = Release|Any CPU
		{6BCF1CE1-B0FB-4E91-968B-D826A046EC14}.Staging|Any CPU.ActiveCfg = Release|Any CPU
		{6BCF1CE1-B0FB-4E91-968B-D826A046EC14}.Staging|Any CPU.Build.0 = Release|Any CPU
		{6BCF1CE1-B0FB-4E91-968B-D826A046EC14}.Staging2|Any CPU.ActiveCfg = Release|Any CPU
		{6BCF1CE1-B0FB-4E91-968B-D826A046EC14}.Staging2|Any CPU.Build.0 = Release|Any CPU
		{6BCF1CE1-B0FB-4E91-968B-D826A046EC14}.StagingUiTest|Any CPU.ActiveCfg = Release|Any CPU
		{6BCF1CE1-B0FB-4E91-968B-D826A046EC14}.StagingUiTest|Any CPU.Build.0 = Release|Any CPU
		{6BCF1CE1-B0FB-4E91-968B-D826A046EC14}.vienna|Any CPU.ActiveCfg = Release|Any CPU
		{6BCF1CE1-B0FB-4E91-968B-D826A046EC14}.vienna|Any CPU.Build.0 = Release|Any CPU
		{6BCF1CE1-B0FB-4E91-968B-D826A046EC14}.Zurich|Any CPU.ActiveCfg = Release|Any CPU
		{6BCF1CE1-B0FB-4E91-968B-D826A046EC14}.Zurich|Any CPU.Build.0 = Release|Any CPU
		{461604F0-67C4-4AFF-AA82-6F5179944190}.Betcenter|Any CPU.ActiveCfg = Betcenter|Any CPU
		{461604F0-67C4-4AFF-AA82-6F5179944190}.Betcenter|Any CPU.Build.0 = Betcenter|Any CPU
		{461604F0-67C4-4AFF-AA82-6F5179944190}.Betcenter2|Any CPU.ActiveCfg = Betcenter2|Any CPU
		{461604F0-67C4-4AFF-AA82-6F5179944190}.Betcenter2|Any CPU.Build.0 = Betcenter2|Any CPU
		{461604F0-67C4-4AFF-AA82-6F5179944190}.Debug|Any CPU.ActiveCfg = Debug|Any CPU
		{461604F0-67C4-4AFF-AA82-6F5179944190}.Debug|Any CPU.Build.0 = Debug|Any CPU
		{461604F0-67C4-4AFF-AA82-6F5179944190}.localhost|Any CPU.ActiveCfg = Release|Any CPU
		{461604F0-67C4-4AFF-AA82-6F5179944190}.localhost|Any CPU.Build.0 = Release|Any CPU
		{461604F0-67C4-4AFF-AA82-6F5179944190}.production|Any CPU.ActiveCfg = Release|Any CPU
		{461604F0-67C4-4AFF-AA82-6F5179944190}.production|Any CPU.Build.0 = Release|Any CPU
		{461604F0-67C4-4AFF-AA82-6F5179944190}.Release|Any CPU.ActiveCfg = Release|Any CPU
		{461604F0-67C4-4AFF-AA82-6F5179944190}.Release|Any CPU.Build.0 = Release|Any CPU
		{461604F0-67C4-4AFF-AA82-6F5179944190}.Staging|Any CPU.ActiveCfg = Release|Any CPU
		{461604F0-67C4-4AFF-AA82-6F5179944190}.Staging|Any CPU.Build.0 = Release|Any CPU
		{461604F0-67C4-4AFF-AA82-6F5179944190}.Staging2|Any CPU.ActiveCfg = Release|Any CPU
		{461604F0-67C4-4AFF-AA82-6F5179944190}.Staging2|Any CPU.Build.0 = Release|Any CPU
		{461604F0-67C4-4AFF-AA82-6F5179944190}.StagingUiTest|Any CPU.ActiveCfg = Release|Any CPU
		{461604F0-67C4-4AFF-AA82-6F5179944190}.StagingUiTest|Any CPU.Build.0 = Release|Any CPU
		{461604F0-67C4-4AFF-AA82-6F5179944190}.vienna|Any CPU.ActiveCfg = Release|Any CPU
		{461604F0-67C4-4AFF-AA82-6F5179944190}.vienna|Any CPU.Build.0 = Release|Any CPU
		{461604F0-67C4-4AFF-AA82-6F5179944190}.Zurich|Any CPU.ActiveCfg = Release|Any CPU
		{461604F0-67C4-4AFF-AA82-6F5179944190}.Zurich|Any CPU.Build.0 = Release|Any CPU
		{B51C2CE2-AEA5-4FFA-83CE-B799EB662EB5}.Betcenter|Any CPU.ActiveCfg = Release|Any CPU
		{B51C2CE2-AEA5-4FFA-83CE-B799EB662EB5}.Betcenter|Any CPU.Build.0 = Release|Any CPU
		{B51C2CE2-AEA5-4FFA-83CE-B799EB662EB5}.Betcenter2|Any CPU.ActiveCfg = Betcenter2|Any CPU
		{B51C2CE2-AEA5-4FFA-83CE-B799EB662EB5}.Betcenter2|Any CPU.Build.0 = Betcenter2|Any CPU
		{B51C2CE2-AEA5-4FFA-83CE-B799EB662EB5}.Debug|Any CPU.ActiveCfg = Debug|Any CPU
		{B51C2CE2-AEA5-4FFA-83CE-B799EB662EB5}.Debug|Any CPU.Build.0 = Debug|Any CPU
		{B51C2CE2-AEA5-4FFA-83CE-B799EB662EB5}.localhost|Any CPU.ActiveCfg = Release|Any CPU
		{B51C2CE2-AEA5-4FFA-83CE-B799EB662EB5}.localhost|Any CPU.Build.0 = Release|Any CPU
		{B51C2CE2-AEA5-4FFA-83CE-B799EB662EB5}.production|Any CPU.ActiveCfg = Release|Any CPU
		{B51C2CE2-AEA5-4FFA-83CE-B799EB662EB5}.production|Any CPU.Build.0 = Release|Any CPU
		{B51C2CE2-AEA5-4FFA-83CE-B799EB662EB5}.Release|Any CPU.ActiveCfg = Release|Any CPU
		{B51C2CE2-AEA5-4FFA-83CE-B799EB662EB5}.Release|Any CPU.Build.0 = Release|Any CPU
		{B51C2CE2-AEA5-4FFA-83CE-B799EB662EB5}.Staging|Any CPU.ActiveCfg = Release|Any CPU
		{B51C2CE2-AEA5-4FFA-83CE-B799EB662EB5}.Staging|Any CPU.Build.0 = Release|Any CPU
		{B51C2CE2-AEA5-4FFA-83CE-B799EB662EB5}.Staging2|Any CPU.ActiveCfg = Release|Any CPU
		{B51C2CE2-AEA5-4FFA-83CE-B799EB662EB5}.Staging2|Any CPU.Build.0 = Release|Any CPU
		{B51C2CE2-AEA5-4FFA-83CE-B799EB662EB5}.StagingUiTest|Any CPU.ActiveCfg = Release|Any CPU
		{B51C2CE2-AEA5-4FFA-83CE-B799EB662EB5}.StagingUiTest|Any CPU.Build.0 = Release|Any CPU
		{B51C2CE2-AEA5-4FFA-83CE-B799EB662EB5}.vienna|Any CPU.ActiveCfg = Release|Any CPU
		{B51C2CE2-AEA5-4FFA-83CE-B799EB662EB5}.vienna|Any CPU.Build.0 = Release|Any CPU
		{B51C2CE2-AEA5-4FFA-83CE-B799EB662EB5}.Zurich|Any CPU.ActiveCfg = Release|Any CPU
		{B51C2CE2-AEA5-4FFA-83CE-B799EB662EB5}.Zurich|Any CPU.Build.0 = Release|Any CPU
		{827FB93F-45CF-47AD-A728-62CB5573AFE3}.Betcenter|Any CPU.ActiveCfg = Betcenter|Any CPU
		{827FB93F-45CF-47AD-A728-62CB5573AFE3}.Betcenter|Any CPU.Build.0 = Betcenter|Any CPU
		{827FB93F-45CF-47AD-A728-62CB5573AFE3}.Betcenter2|Any CPU.ActiveCfg = Betcenter2|Any CPU
		{827FB93F-45CF-47AD-A728-62CB5573AFE3}.Betcenter2|Any CPU.Build.0 = Betcenter2|Any CPU
		{827FB93F-45CF-47AD-A728-62CB5573AFE3}.Debug|Any CPU.ActiveCfg = Debug|Any CPU
		{827FB93F-45CF-47AD-A728-62CB5573AFE3}.Debug|Any CPU.Build.0 = Debug|Any CPU
		{827FB93F-45CF-47AD-A728-62CB5573AFE3}.localhost|Any CPU.ActiveCfg = Release|Any CPU
		{827FB93F-45CF-47AD-A728-62CB5573AFE3}.localhost|Any CPU.Build.0 = Release|Any CPU
		{827FB93F-45CF-47AD-A728-62CB5573AFE3}.production|Any CPU.ActiveCfg = Release|Any CPU
		{827FB93F-45CF-47AD-A728-62CB5573AFE3}.production|Any CPU.Build.0 = Release|Any CPU
		{827FB93F-45CF-47AD-A728-62CB5573AFE3}.Release|Any CPU.ActiveCfg = Release|Any CPU
		{827FB93F-45CF-47AD-A728-62CB5573AFE3}.Release|Any CPU.Build.0 = Release|Any CPU
		{827FB93F-45CF-47AD-A728-62CB5573AFE3}.Staging|Any CPU.ActiveCfg = Release|Any CPU
		{827FB93F-45CF-47AD-A728-62CB5573AFE3}.Staging|Any CPU.Build.0 = Release|Any CPU
		{827FB93F-45CF-47AD-A728-62CB5573AFE3}.Staging2|Any CPU.ActiveCfg = Release|Any CPU
		{827FB93F-45CF-47AD-A728-62CB5573AFE3}.Staging2|Any CPU.Build.0 = Release|Any CPU
		{827FB93F-45CF-47AD-A728-62CB5573AFE3}.StagingUiTest|Any CPU.ActiveCfg = Release|Any CPU
		{827FB93F-45CF-47AD-A728-62CB5573AFE3}.StagingUiTest|Any CPU.Build.0 = Release|Any CPU
		{827FB93F-45CF-47AD-A728-62CB5573AFE3}.vienna|Any CPU.ActiveCfg = Release|Any CPU
		{827FB93F-45CF-47AD-A728-62CB5573AFE3}.vienna|Any CPU.Build.0 = Release|Any CPU
		{827FB93F-45CF-47AD-A728-62CB5573AFE3}.Zurich|Any CPU.ActiveCfg = Release|Any CPU
		{827FB93F-45CF-47AD-A728-62CB5573AFE3}.Zurich|Any CPU.Build.0 = Release|Any CPU
		{BC955177-E070-4C54-9AD1-E7CAC1C8FD3F}.Betcenter|Any CPU.ActiveCfg = Betcenter|Any CPU
		{BC955177-E070-4C54-9AD1-E7CAC1C8FD3F}.Betcenter|Any CPU.Build.0 = Betcenter|Any CPU
		{BC955177-E070-4C54-9AD1-E7CAC1C8FD3F}.Betcenter2|Any CPU.ActiveCfg = Betcenter2|Any CPU
		{BC955177-E070-4C54-9AD1-E7CAC1C8FD3F}.Betcenter2|Any CPU.Build.0 = Betcenter2|Any CPU
		{BC955177-E070-4C54-9AD1-E7CAC1C8FD3F}.Debug|Any CPU.ActiveCfg = Debug|Any CPU
		{BC955177-E070-4C54-9AD1-E7CAC1C8FD3F}.Debug|Any CPU.Build.0 = Debug|Any CPU
		{BC955177-E070-4C54-9AD1-E7CAC1C8FD3F}.localhost|Any CPU.ActiveCfg = Release|Any CPU
		{BC955177-E070-4C54-9AD1-E7CAC1C8FD3F}.localhost|Any CPU.Build.0 = Release|Any CPU
		{BC955177-E070-4C54-9AD1-E7CAC1C8FD3F}.production|Any CPU.ActiveCfg = Release|Any CPU
		{BC955177-E070-4C54-9AD1-E7CAC1C8FD3F}.production|Any CPU.Build.0 = Release|Any CPU
		{BC955177-E070-4C54-9AD1-E7CAC1C8FD3F}.Release|Any CPU.ActiveCfg = Release|Any CPU
		{BC955177-E070-4C54-9AD1-E7CAC1C8FD3F}.Release|Any CPU.Build.0 = Release|Any CPU
		{BC955177-E070-4C54-9AD1-E7CAC1C8FD3F}.Staging|Any CPU.ActiveCfg = Release|Any CPU
		{BC955177-E070-4C54-9AD1-E7CAC1C8FD3F}.Staging|Any CPU.Build.0 = Release|Any CPU
		{BC955177-E070-4C54-9AD1-E7CAC1C8FD3F}.Staging2|Any CPU.ActiveCfg = Release|Any CPU
		{BC955177-E070-4C54-9AD1-E7CAC1C8FD3F}.Staging2|Any CPU.Build.0 = Release|Any CPU
		{BC955177-E070-4C54-9AD1-E7CAC1C8FD3F}.StagingUiTest|Any CPU.ActiveCfg = Release|Any CPU
		{BC955177-E070-4C54-9AD1-E7CAC1C8FD3F}.StagingUiTest|Any CPU.Build.0 = Release|Any CPU
		{BC955177-E070-4C54-9AD1-E7CAC1C8FD3F}.vienna|Any CPU.ActiveCfg = Release|Any CPU
		{BC955177-E070-4C54-9AD1-E7CAC1C8FD3F}.vienna|Any CPU.Build.0 = Release|Any CPU
		{BC955177-E070-4C54-9AD1-E7CAC1C8FD3F}.Zurich|Any CPU.ActiveCfg = Release|Any CPU
		{BC955177-E070-4C54-9AD1-E7CAC1C8FD3F}.Zurich|Any CPU.Build.0 = Release|Any CPU
		{3DDA38DA-702C-408E-B56F-BEFF75D1B69D}.Betcenter|Any CPU.ActiveCfg = Betcenter|Any CPU
		{3DDA38DA-702C-408E-B56F-BEFF75D1B69D}.Betcenter|Any CPU.Build.0 = Betcenter|Any CPU
		{3DDA38DA-702C-408E-B56F-BEFF75D1B69D}.Betcenter2|Any CPU.ActiveCfg = Betcenter2|Any CPU
		{3DDA38DA-702C-408E-B56F-BEFF75D1B69D}.Betcenter2|Any CPU.Build.0 = Betcenter2|Any CPU
		{3DDA38DA-702C-408E-B56F-BEFF75D1B69D}.Debug|Any CPU.ActiveCfg = Debug|Any CPU
		{3DDA38DA-702C-408E-B56F-BEFF75D1B69D}.Debug|Any CPU.Build.0 = Debug|Any CPU
		{3DDA38DA-702C-408E-B56F-BEFF75D1B69D}.localhost|Any CPU.ActiveCfg = Release|Any CPU
		{3DDA38DA-702C-408E-B56F-BEFF75D1B69D}.localhost|Any CPU.Build.0 = Release|Any CPU
		{3DDA38DA-702C-408E-B56F-BEFF75D1B69D}.production|Any CPU.ActiveCfg = Release|Any CPU
		{3DDA38DA-702C-408E-B56F-BEFF75D1B69D}.production|Any CPU.Build.0 = Release|Any CPU
		{3DDA38DA-702C-408E-B56F-BEFF75D1B69D}.Release|Any CPU.ActiveCfg = Release|Any CPU
		{3DDA38DA-702C-408E-B56F-BEFF75D1B69D}.Release|Any CPU.Build.0 = Release|Any CPU
		{3DDA38DA-702C-408E-B56F-BEFF75D1B69D}.Staging|Any CPU.ActiveCfg = Release|Any CPU
		{3DDA38DA-702C-408E-B56F-BEFF75D1B69D}.Staging|Any CPU.Build.0 = Release|Any CPU
		{3DDA38DA-702C-408E-B56F-BEFF75D1B69D}.Staging2|Any CPU.ActiveCfg = Release|Any CPU
		{3DDA38DA-702C-408E-B56F-BEFF75D1B69D}.Staging2|Any CPU.Build.0 = Release|Any CPU
		{3DDA38DA-702C-408E-B56F-BEFF75D1B69D}.StagingUiTest|Any CPU.ActiveCfg = Release|Any CPU
		{3DDA38DA-702C-408E-B56F-BEFF75D1B69D}.StagingUiTest|Any CPU.Build.0 = Release|Any CPU
		{3DDA38DA-702C-408E-B56F-BEFF75D1B69D}.vienna|Any CPU.ActiveCfg = Release|Any CPU
		{3DDA38DA-702C-408E-B56F-BEFF75D1B69D}.vienna|Any CPU.Build.0 = Release|Any CPU
		{3DDA38DA-702C-408E-B56F-BEFF75D1B69D}.Zurich|Any CPU.ActiveCfg = Release|Any CPU
		{3DDA38DA-702C-408E-B56F-BEFF75D1B69D}.Zurich|Any CPU.Build.0 = Release|Any CPU
		{A596DF82-427C-42C7-AF87-9B42F27E9C8B}.Betcenter|Any CPU.ActiveCfg = Betcenter|Any CPU
		{A596DF82-427C-42C7-AF87-9B42F27E9C8B}.Betcenter|Any CPU.Build.0 = Betcenter|Any CPU
		{A596DF82-427C-42C7-AF87-9B42F27E9C8B}.Betcenter2|Any CPU.ActiveCfg = Betcenter2|Any CPU
		{A596DF82-427C-42C7-AF87-9B42F27E9C8B}.Betcenter2|Any CPU.Build.0 = Betcenter2|Any CPU
		{A596DF82-427C-42C7-AF87-9B42F27E9C8B}.Debug|Any CPU.ActiveCfg = Debug|Any CPU
		{A596DF82-427C-42C7-AF87-9B42F27E9C8B}.Debug|Any CPU.Build.0 = Debug|Any CPU
		{A596DF82-427C-42C7-AF87-9B42F27E9C8B}.localhost|Any CPU.ActiveCfg = Release|Any CPU
		{A596DF82-427C-42C7-AF87-9B42F27E9C8B}.localhost|Any CPU.Build.0 = Release|Any CPU
		{A596DF82-427C-42C7-AF87-9B42F27E9C8B}.production|Any CPU.ActiveCfg = Release|Any CPU
		{A596DF82-427C-42C7-AF87-9B42F27E9C8B}.production|Any CPU.Build.0 = Release|Any CPU
		{A596DF82-427C-42C7-AF87-9B42F27E9C8B}.Release|Any CPU.ActiveCfg = Release|Any CPU
		{A596DF82-427C-42C7-AF87-9B42F27E9C8B}.Release|Any CPU.Build.0 = Release|Any CPU
		{A596DF82-427C-42C7-AF87-9B42F27E9C8B}.Staging|Any CPU.ActiveCfg = Release|Any CPU
		{A596DF82-427C-42C7-AF87-9B42F27E9C8B}.Staging|Any CPU.Build.0 = Release|Any CPU
		{A596DF82-427C-42C7-AF87-9B42F27E9C8B}.Staging2|Any CPU.ActiveCfg = Release|Any CPU
		{A596DF82-427C-42C7-AF87-9B42F27E9C8B}.Staging2|Any CPU.Build.0 = Release|Any CPU
		{A596DF82-427C-42C7-AF87-9B42F27E9C8B}.StagingUiTest|Any CPU.ActiveCfg = Release|Any CPU
		{A596DF82-427C-42C7-AF87-9B42F27E9C8B}.StagingUiTest|Any CPU.Build.0 = Release|Any CPU
		{A596DF82-427C-42C7-AF87-9B42F27E9C8B}.vienna|Any CPU.ActiveCfg = Release|Any CPU
		{A596DF82-427C-42C7-AF87-9B42F27E9C8B}.vienna|Any CPU.Build.0 = Release|Any CPU
		{A596DF82-427C-42C7-AF87-9B42F27E9C8B}.Zurich|Any CPU.ActiveCfg = Release|Any CPU
		{A596DF82-427C-42C7-AF87-9B42F27E9C8B}.Zurich|Any CPU.Build.0 = Release|Any CPU
		{14A195A7-C838-49EF-85D1-56A0E61CD64D}.Betcenter|Any CPU.ActiveCfg = Betcenter|Any CPU
		{14A195A7-C838-49EF-85D1-56A0E61CD64D}.Betcenter|Any CPU.Build.0 = Betcenter|Any CPU
		{14A195A7-C838-49EF-85D1-56A0E61CD64D}.Betcenter2|Any CPU.ActiveCfg = Betcenter2|Any CPU
		{14A195A7-C838-49EF-85D1-56A0E61CD64D}.Betcenter2|Any CPU.Build.0 = Betcenter2|Any CPU
		{14A195A7-C838-49EF-85D1-56A0E61CD64D}.Debug|Any CPU.ActiveCfg = Debug|Any CPU
		{14A195A7-C838-49EF-85D1-56A0E61CD64D}.Debug|Any CPU.Build.0 = Debug|Any CPU
		{14A195A7-C838-49EF-85D1-56A0E61CD64D}.localhost|Any CPU.ActiveCfg = Release|Any CPU
		{14A195A7-C838-49EF-85D1-56A0E61CD64D}.localhost|Any CPU.Build.0 = Release|Any CPU
		{14A195A7-C838-49EF-85D1-56A0E61CD64D}.production|Any CPU.ActiveCfg = Release|Any CPU
		{14A195A7-C838-49EF-85D1-56A0E61CD64D}.production|Any CPU.Build.0 = Release|Any CPU
		{14A195A7-C838-49EF-85D1-56A0E61CD64D}.Release|Any CPU.ActiveCfg = Release|Any CPU
		{14A195A7-C838-49EF-85D1-56A0E61CD64D}.Release|Any CPU.Build.0 = Release|Any CPU
		{14A195A7-C838-49EF-85D1-56A0E61CD64D}.Staging|Any CPU.ActiveCfg = Release|Any CPU
		{14A195A7-C838-49EF-85D1-56A0E61CD64D}.Staging|Any CPU.Build.0 = Release|Any CPU
		{14A195A7-C838-49EF-85D1-56A0E61CD64D}.Staging2|Any CPU.ActiveCfg = Release|Any CPU
		{14A195A7-C838-49EF-85D1-56A0E61CD64D}.Staging2|Any CPU.Build.0 = Release|Any CPU
		{14A195A7-C838-49EF-85D1-56A0E61CD64D}.StagingUiTest|Any CPU.ActiveCfg = Release|Any CPU
		{14A195A7-C838-49EF-85D1-56A0E61CD64D}.StagingUiTest|Any CPU.Build.0 = Release|Any CPU
		{14A195A7-C838-49EF-85D1-56A0E61CD64D}.vienna|Any CPU.ActiveCfg = Release|Any CPU
		{14A195A7-C838-49EF-85D1-56A0E61CD64D}.vienna|Any CPU.Build.0 = Release|Any CPU
		{14A195A7-C838-49EF-85D1-56A0E61CD64D}.Zurich|Any CPU.ActiveCfg = Release|Any CPU
		{14A195A7-C838-49EF-85D1-56A0E61CD64D}.Zurich|Any CPU.Build.0 = Release|Any CPU
		{E9EED45C-F1D6-4AD3-B7A3-51AA9B7A5DA9}.Betcenter|Any CPU.ActiveCfg = Release|Any CPU
		{E9EED45C-F1D6-4AD3-B7A3-51AA9B7A5DA9}.Betcenter|Any CPU.Build.0 = Release|Any CPU
		{E9EED45C-F1D6-4AD3-B7A3-51AA9B7A5DA9}.Betcenter2|Any CPU.ActiveCfg = Debug|Any CPU
		{E9EED45C-F1D6-4AD3-B7A3-51AA9B7A5DA9}.Betcenter2|Any CPU.Build.0 = Debug|Any CPU
		{E9EED45C-F1D6-4AD3-B7A3-51AA9B7A5DA9}.Debug|Any CPU.ActiveCfg = Debug|Any CPU
		{E9EED45C-F1D6-4AD3-B7A3-51AA9B7A5DA9}.Debug|Any CPU.Build.0 = Debug|Any CPU
		{E9EED45C-F1D6-4AD3-B7A3-51AA9B7A5DA9}.localhost|Any CPU.ActiveCfg = Debug|Any CPU
		{E9EED45C-F1D6-4AD3-B7A3-51AA9B7A5DA9}.localhost|Any CPU.Build.0 = Debug|Any CPU
		{E9EED45C-F1D6-4AD3-B7A3-51AA9B7A5DA9}.production|Any CPU.ActiveCfg = Debug|Any CPU
		{E9EED45C-F1D6-4AD3-B7A3-51AA9B7A5DA9}.production|Any CPU.Build.0 = Debug|Any CPU
		{E9EED45C-F1D6-4AD3-B7A3-51AA9B7A5DA9}.Release|Any CPU.ActiveCfg = Release|Any CPU
		{E9EED45C-F1D6-4AD3-B7A3-51AA9B7A5DA9}.Release|Any CPU.Build.0 = Release|Any CPU
		{E9EED45C-F1D6-4AD3-B7A3-51AA9B7A5DA9}.Staging|Any CPU.ActiveCfg = Release|Any CPU
		{E9EED45C-F1D6-4AD3-B7A3-51AA9B7A5DA9}.Staging|Any CPU.Build.0 = Release|Any CPU
		{E9EED45C-F1D6-4AD3-B7A3-51AA9B7A5DA9}.Staging2|Any CPU.ActiveCfg = Release|Any CPU
		{E9EED45C-F1D6-4AD3-B7A3-51AA9B7A5DA9}.Staging2|Any CPU.Build.0 = Release|Any CPU
		{E9EED45C-F1D6-4AD3-B7A3-51AA9B7A5DA9}.StagingUiTest|Any CPU.ActiveCfg = Release|Any CPU
		{E9EED45C-F1D6-4AD3-B7A3-51AA9B7A5DA9}.StagingUiTest|Any CPU.Build.0 = Release|Any CPU
		{E9EED45C-F1D6-4AD3-B7A3-51AA9B7A5DA9}.vienna|Any CPU.ActiveCfg = Release|Any CPU
		{E9EED45C-F1D6-4AD3-B7A3-51AA9B7A5DA9}.vienna|Any CPU.Build.0 = Release|Any CPU
		{E9EED45C-F1D6-4AD3-B7A3-51AA9B7A5DA9}.Zurich|Any CPU.ActiveCfg = Release|Any CPU
		{E9EED45C-F1D6-4AD3-B7A3-51AA9B7A5DA9}.Zurich|Any CPU.Build.0 = Release|Any CPU
		{A2A567ED-2E6A-4885-8287-87A903D0B36D}.Betcenter|Any CPU.ActiveCfg = Betcenter|Any CPU
		{A2A567ED-2E6A-4885-8287-87A903D0B36D}.Betcenter|Any CPU.Build.0 = Betcenter|Any CPU
		{A2A567ED-2E6A-4885-8287-87A903D0B36D}.Betcenter2|Any CPU.ActiveCfg = Betcenter2|Any CPU
		{A2A567ED-2E6A-4885-8287-87A903D0B36D}.Betcenter2|Any CPU.Build.0 = Betcenter2|Any CPU
		{A2A567ED-2E6A-4885-8287-87A903D0B36D}.Debug|Any CPU.ActiveCfg = Debug|Any CPU
		{A2A567ED-2E6A-4885-8287-87A903D0B36D}.Debug|Any CPU.Build.0 = Debug|Any CPU
		{A2A567ED-2E6A-4885-8287-87A903D0B36D}.localhost|Any CPU.ActiveCfg = Release|Any CPU
		{A2A567ED-2E6A-4885-8287-87A903D0B36D}.localhost|Any CPU.Build.0 = Release|Any CPU
		{A2A567ED-2E6A-4885-8287-87A903D0B36D}.production|Any CPU.ActiveCfg = Release|Any CPU
		{A2A567ED-2E6A-4885-8287-87A903D0B36D}.production|Any CPU.Build.0 = Release|Any CPU
		{A2A567ED-2E6A-4885-8287-87A903D0B36D}.Release|Any CPU.ActiveCfg = Release|Any CPU
		{A2A567ED-2E6A-4885-8287-87A903D0B36D}.Release|Any CPU.Build.0 = Release|Any CPU
		{A2A567ED-2E6A-4885-8287-87A903D0B36D}.Staging|Any CPU.ActiveCfg = Release|Any CPU
		{A2A567ED-2E6A-4885-8287-87A903D0B36D}.Staging|Any CPU.Build.0 = Release|Any CPU
		{A2A567ED-2E6A-4885-8287-87A903D0B36D}.Staging2|Any CPU.ActiveCfg = Release|Any CPU
		{A2A567ED-2E6A-4885-8287-87A903D0B36D}.Staging2|Any CPU.Build.0 = Release|Any CPU
		{A2A567ED-2E6A-4885-8287-87A903D0B36D}.StagingUiTest|Any CPU.ActiveCfg = Release|Any CPU
		{A2A567ED-2E6A-4885-8287-87A903D0B36D}.StagingUiTest|Any CPU.Build.0 = Release|Any CPU
		{A2A567ED-2E6A-4885-8287-87A903D0B36D}.vienna|Any CPU.ActiveCfg = Release|Any CPU
		{A2A567ED-2E6A-4885-8287-87A903D0B36D}.vienna|Any CPU.Build.0 = Release|Any CPU
		{A2A567ED-2E6A-4885-8287-87A903D0B36D}.Zurich|Any CPU.ActiveCfg = Release|Any CPU
		{A2A567ED-2E6A-4885-8287-87A903D0B36D}.Zurich|Any CPU.Build.0 = Release|Any CPU
		{F70EEADB-C6BA-4F62-B50F-21A02810E168}.Betcenter|Any CPU.ActiveCfg = Betcenter|Any CPU
		{F70EEADB-C6BA-4F62-B50F-21A02810E168}.Betcenter|Any CPU.Build.0 = Betcenter|Any CPU
		{F70EEADB-C6BA-4F62-B50F-21A02810E168}.Betcenter2|Any CPU.ActiveCfg = Betcenter2|Any CPU
		{F70EEADB-C6BA-4F62-B50F-21A02810E168}.Betcenter2|Any CPU.Build.0 = Betcenter2|Any CPU
		{F70EEADB-C6BA-4F62-B50F-21A02810E168}.Debug|Any CPU.ActiveCfg = Debug|Any CPU
		{F70EEADB-C6BA-4F62-B50F-21A02810E168}.Debug|Any CPU.Build.0 = Debug|Any CPU
		{F70EEADB-C6BA-4F62-B50F-21A02810E168}.localhost|Any CPU.ActiveCfg = localhost|Any CPU
		{F70EEADB-C6BA-4F62-B50F-21A02810E168}.localhost|Any CPU.Build.0 = localhost|Any CPU
		{F70EEADB-C6BA-4F62-B50F-21A02810E168}.production|Any CPU.ActiveCfg = Release|Any CPU
		{F70EEADB-C6BA-4F62-B50F-21A02810E168}.production|Any CPU.Build.0 = Release|Any CPU
		{F70EEADB-C6BA-4F62-B50F-21A02810E168}.Release|Any CPU.ActiveCfg = Release|Any CPU
		{F70EEADB-C6BA-4F62-B50F-21A02810E168}.Release|Any CPU.Build.0 = Release|Any CPU
		{F70EEADB-C6BA-4F62-B50F-21A02810E168}.Staging|Any CPU.ActiveCfg = Release|Any CPU
		{F70EEADB-C6BA-4F62-B50F-21A02810E168}.Staging|Any CPU.Build.0 = Release|Any CPU
		{F70EEADB-C6BA-4F62-B50F-21A02810E168}.Staging2|Any CPU.ActiveCfg = Release|Any CPU
		{F70EEADB-C6BA-4F62-B50F-21A02810E168}.Staging2|Any CPU.Build.0 = Release|Any CPU
		{F70EEADB-C6BA-4F62-B50F-21A02810E168}.StagingUiTest|Any CPU.ActiveCfg = Release|Any CPU
		{F70EEADB-C6BA-4F62-B50F-21A02810E168}.StagingUiTest|Any CPU.Build.0 = Release|Any CPU
		{F70EEADB-C6BA-4F62-B50F-21A02810E168}.vienna|Any CPU.ActiveCfg = Release|Any CPU
		{F70EEADB-C6BA-4F62-B50F-21A02810E168}.vienna|Any CPU.Build.0 = Release|Any CPU
		{F70EEADB-C6BA-4F62-B50F-21A02810E168}.Zurich|Any CPU.ActiveCfg = Release|Any CPU
		{F70EEADB-C6BA-4F62-B50F-21A02810E168}.Zurich|Any CPU.Build.0 = Release|Any CPU
		{0D4E9E7E-235A-445F-A97F-D502FBAF47C7}.Betcenter|Any CPU.ActiveCfg = Release|Any CPU
		{0D4E9E7E-235A-445F-A97F-D502FBAF47C7}.Betcenter|Any CPU.Build.0 = Release|Any CPU
		{0D4E9E7E-235A-445F-A97F-D502FBAF47C7}.Betcenter2|Any CPU.ActiveCfg = Betcenter2|Any CPU
		{0D4E9E7E-235A-445F-A97F-D502FBAF47C7}.Betcenter2|Any CPU.Build.0 = Betcenter2|Any CPU
		{0D4E9E7E-235A-445F-A97F-D502FBAF47C7}.Debug|Any CPU.ActiveCfg = Debug|Any CPU
		{0D4E9E7E-235A-445F-A97F-D502FBAF47C7}.Debug|Any CPU.Build.0 = Debug|Any CPU
		{0D4E9E7E-235A-445F-A97F-D502FBAF47C7}.localhost|Any CPU.ActiveCfg = Release|Any CPU
		{0D4E9E7E-235A-445F-A97F-D502FBAF47C7}.localhost|Any CPU.Build.0 = Release|Any CPU
		{0D4E9E7E-235A-445F-A97F-D502FBAF47C7}.production|Any CPU.ActiveCfg = Release|Any CPU
		{0D4E9E7E-235A-445F-A97F-D502FBAF47C7}.production|Any CPU.Build.0 = Release|Any CPU
		{0D4E9E7E-235A-445F-A97F-D502FBAF47C7}.Release|Any CPU.ActiveCfg = Release|Any CPU
		{0D4E9E7E-235A-445F-A97F-D502FBAF47C7}.Release|Any CPU.Build.0 = Release|Any CPU
		{0D4E9E7E-235A-445F-A97F-D502FBAF47C7}.Staging|Any CPU.ActiveCfg = Release|Any CPU
		{0D4E9E7E-235A-445F-A97F-D502FBAF47C7}.Staging|Any CPU.Build.0 = Release|Any CPU
		{0D4E9E7E-235A-445F-A97F-D502FBAF47C7}.Staging2|Any CPU.ActiveCfg = Release|Any CPU
		{0D4E9E7E-235A-445F-A97F-D502FBAF47C7}.Staging2|Any CPU.Build.0 = Release|Any CPU
		{0D4E9E7E-235A-445F-A97F-D502FBAF47C7}.StagingUiTest|Any CPU.ActiveCfg = Release|Any CPU
		{0D4E9E7E-235A-445F-A97F-D502FBAF47C7}.StagingUiTest|Any CPU.Build.0 = Release|Any CPU
		{0D4E9E7E-235A-445F-A97F-D502FBAF47C7}.vienna|Any CPU.ActiveCfg = Release|Any CPU
		{0D4E9E7E-235A-445F-A97F-D502FBAF47C7}.vienna|Any CPU.Build.0 = Release|Any CPU
		{0D4E9E7E-235A-445F-A97F-D502FBAF47C7}.Zurich|Any CPU.ActiveCfg = Release|Any CPU
		{0D4E9E7E-235A-445F-A97F-D502FBAF47C7}.Zurich|Any CPU.Build.0 = Release|Any CPU
		{8AC0E79B-EFDB-45F5-9F3E-F644ADB93A89}.Betcenter|Any CPU.ActiveCfg = Release|Any CPU
		{8AC0E79B-EFDB-45F5-9F3E-F644ADB93A89}.Betcenter|Any CPU.Build.0 = Release|Any CPU
		{8AC0E79B-EFDB-45F5-9F3E-F644ADB93A89}.Betcenter2|Any CPU.ActiveCfg = Betcenter2|Any CPU
		{8AC0E79B-EFDB-45F5-9F3E-F644ADB93A89}.Betcenter2|Any CPU.Build.0 = Betcenter2|Any CPU
		{8AC0E79B-EFDB-45F5-9F3E-F644ADB93A89}.Debug|Any CPU.ActiveCfg = Debug|Any CPU
		{8AC0E79B-EFDB-45F5-9F3E-F644ADB93A89}.Debug|Any CPU.Build.0 = Debug|Any CPU
		{8AC0E79B-EFDB-45F5-9F3E-F644ADB93A89}.localhost|Any CPU.ActiveCfg = Release|Any CPU
		{8AC0E79B-EFDB-45F5-9F3E-F644ADB93A89}.localhost|Any CPU.Build.0 = Release|Any CPU
		{8AC0E79B-EFDB-45F5-9F3E-F644ADB93A89}.production|Any CPU.ActiveCfg = Release|Any CPU
		{8AC0E79B-EFDB-45F5-9F3E-F644ADB93A89}.production|Any CPU.Build.0 = Release|Any CPU
		{8AC0E79B-EFDB-45F5-9F3E-F644ADB93A89}.Release|Any CPU.ActiveCfg = Release|Any CPU
		{8AC0E79B-EFDB-45F5-9F3E-F644ADB93A89}.Release|Any CPU.Build.0 = Release|Any CPU
		{8AC0E79B-EFDB-45F5-9F3E-F644ADB93A89}.Staging|Any CPU.ActiveCfg = Release|Any CPU
		{8AC0E79B-EFDB-45F5-9F3E-F644ADB93A89}.Staging|Any CPU.Build.0 = Release|Any CPU
		{8AC0E79B-EFDB-45F5-9F3E-F644ADB93A89}.Staging2|Any CPU.ActiveCfg = Release|Any CPU
		{8AC0E79B-EFDB-45F5-9F3E-F644ADB93A89}.Staging2|Any CPU.Build.0 = Release|Any CPU
		{8AC0E79B-EFDB-45F5-9F3E-F644ADB93A89}.StagingUiTest|Any CPU.ActiveCfg = Release|Any CPU
		{8AC0E79B-EFDB-45F5-9F3E-F644ADB93A89}.StagingUiTest|Any CPU.Build.0 = Release|Any CPU
		{8AC0E79B-EFDB-45F5-9F3E-F644ADB93A89}.vienna|Any CPU.ActiveCfg = Release|Any CPU
		{8AC0E79B-EFDB-45F5-9F3E-F644ADB93A89}.vienna|Any CPU.Build.0 = Release|Any CPU
		{8AC0E79B-EFDB-45F5-9F3E-F644ADB93A89}.Zurich|Any CPU.ActiveCfg = Release|Any CPU
		{8AC0E79B-EFDB-45F5-9F3E-F644ADB93A89}.Zurich|Any CPU.Build.0 = Release|Any CPU
		{171E5DB2-EAC9-42F8-B171-67E91A3B3417}.Betcenter|Any CPU.ActiveCfg = Release|Any CPU
		{171E5DB2-EAC9-42F8-B171-67E91A3B3417}.Betcenter|Any CPU.Build.0 = Release|Any CPU
		{171E5DB2-EAC9-42F8-B171-67E91A3B3417}.Betcenter2|Any CPU.ActiveCfg = Betcenter2|Any CPU
		{171E5DB2-EAC9-42F8-B171-67E91A3B3417}.Betcenter2|Any CPU.Build.0 = Betcenter2|Any CPU
		{171E5DB2-EAC9-42F8-B171-67E91A3B3417}.Debug|Any CPU.ActiveCfg = Debug|Any CPU
		{171E5DB2-EAC9-42F8-B171-67E91A3B3417}.Debug|Any CPU.Build.0 = Debug|Any CPU
		{171E5DB2-EAC9-42F8-B171-67E91A3B3417}.localhost|Any CPU.ActiveCfg = Release|Any CPU
		{171E5DB2-EAC9-42F8-B171-67E91A3B3417}.localhost|Any CPU.Build.0 = Release|Any CPU
		{171E5DB2-EAC9-42F8-B171-67E91A3B3417}.production|Any CPU.ActiveCfg = Release|Any CPU
		{171E5DB2-EAC9-42F8-B171-67E91A3B3417}.production|Any CPU.Build.0 = Release|Any CPU
		{171E5DB2-EAC9-42F8-B171-67E91A3B3417}.Release|Any CPU.ActiveCfg = Release|Any CPU
		{171E5DB2-EAC9-42F8-B171-67E91A3B3417}.Release|Any CPU.Build.0 = Release|Any CPU
		{171E5DB2-EAC9-42F8-B171-67E91A3B3417}.Staging|Any CPU.ActiveCfg = Release|Any CPU
		{171E5DB2-EAC9-42F8-B171-67E91A3B3417}.Staging|Any CPU.Build.0 = Release|Any CPU
		{171E5DB2-EAC9-42F8-B171-67E91A3B3417}.Staging2|Any CPU.ActiveCfg = Release|Any CPU
		{171E5DB2-EAC9-42F8-B171-67E91A3B3417}.Staging2|Any CPU.Build.0 = Release|Any CPU
		{171E5DB2-EAC9-42F8-B171-67E91A3B3417}.StagingUiTest|Any CPU.ActiveCfg = Release|Any CPU
		{171E5DB2-EAC9-42F8-B171-67E91A3B3417}.StagingUiTest|Any CPU.Build.0 = Release|Any CPU
		{171E5DB2-EAC9-42F8-B171-67E91A3B3417}.vienna|Any CPU.ActiveCfg = Release|Any CPU
		{171E5DB2-EAC9-42F8-B171-67E91A3B3417}.vienna|Any CPU.Build.0 = Release|Any CPU
		{171E5DB2-EAC9-42F8-B171-67E91A3B3417}.Zurich|Any CPU.ActiveCfg = Release|Any CPU
		{171E5DB2-EAC9-42F8-B171-67E91A3B3417}.Zurich|Any CPU.Build.0 = Release|Any CPU
		{39E0A93B-4CB5-4EAB-B656-16412D54C60C}.Betcenter|Any CPU.ActiveCfg = StagingUiTest|Any CPU
		{39E0A93B-4CB5-4EAB-B656-16412D54C60C}.Betcenter|Any CPU.Build.0 = StagingUiTest|Any CPU
		{39E0A93B-4CB5-4EAB-B656-16412D54C60C}.Betcenter2|Any CPU.ActiveCfg = Betcenter2|Any CPU
		{39E0A93B-4CB5-4EAB-B656-16412D54C60C}.Betcenter2|Any CPU.Build.0 = Betcenter2|Any CPU
		{39E0A93B-4CB5-4EAB-B656-16412D54C60C}.Debug|Any CPU.ActiveCfg = Debug|Any CPU
		{39E0A93B-4CB5-4EAB-B656-16412D54C60C}.Debug|Any CPU.Build.0 = Debug|Any CPU
		{39E0A93B-4CB5-4EAB-B656-16412D54C60C}.localhost|Any CPU.ActiveCfg = Release|Any CPU
		{39E0A93B-4CB5-4EAB-B656-16412D54C60C}.localhost|Any CPU.Build.0 = Release|Any CPU
		{39E0A93B-4CB5-4EAB-B656-16412D54C60C}.production|Any CPU.ActiveCfg = Release|Any CPU
		{39E0A93B-4CB5-4EAB-B656-16412D54C60C}.production|Any CPU.Build.0 = Release|Any CPU
		{39E0A93B-4CB5-4EAB-B656-16412D54C60C}.Release|Any CPU.ActiveCfg = Release|Any CPU
		{39E0A93B-4CB5-4EAB-B656-16412D54C60C}.Release|Any CPU.Build.0 = Release|Any CPU
		{39E0A93B-4CB5-4EAB-B656-16412D54C60C}.Staging|Any CPU.ActiveCfg = Release|Any CPU
		{39E0A93B-4CB5-4EAB-B656-16412D54C60C}.Staging|Any CPU.Build.0 = Release|Any CPU
		{39E0A93B-4CB5-4EAB-B656-16412D54C60C}.Staging2|Any CPU.ActiveCfg = Release|Any CPU
		{39E0A93B-4CB5-4EAB-B656-16412D54C60C}.Staging2|Any CPU.Build.0 = Release|Any CPU
		{39E0A93B-4CB5-4EAB-B656-16412D54C60C}.StagingUiTest|Any CPU.ActiveCfg = Release|Any CPU
		{39E0A93B-4CB5-4EAB-B656-16412D54C60C}.StagingUiTest|Any CPU.Build.0 = Release|Any CPU
		{39E0A93B-4CB5-4EAB-B656-16412D54C60C}.vienna|Any CPU.ActiveCfg = Release|Any CPU
		{39E0A93B-4CB5-4EAB-B656-16412D54C60C}.vienna|Any CPU.Build.0 = Release|Any CPU
		{39E0A93B-4CB5-4EAB-B656-16412D54C60C}.Zurich|Any CPU.ActiveCfg = Release|Any CPU
		{39E0A93B-4CB5-4EAB-B656-16412D54C60C}.Zurich|Any CPU.Build.0 = Release|Any CPU
		{39E0A93B-4CB5-4EAB-B656-16412D54C60C}.Zurich|Any CPU.Deploy.0 = Release|Any CPU
		{4FE76384-166F-46AC-894B-EC233EBE4354}.Betcenter|Any CPU.ActiveCfg = StagingUiTest|Any CPU
		{4FE76384-166F-46AC-894B-EC233EBE4354}.Betcenter|Any CPU.Build.0 = StagingUiTest|Any CPU
		{4FE76384-166F-46AC-894B-EC233EBE4354}.Betcenter2|Any CPU.ActiveCfg = Betcenter2|Any CPU
		{4FE76384-166F-46AC-894B-EC233EBE4354}.Betcenter2|Any CPU.Build.0 = Betcenter2|Any CPU
		{4FE76384-166F-46AC-894B-EC233EBE4354}.Debug|Any CPU.ActiveCfg = Debug|Any CPU
		{4FE76384-166F-46AC-894B-EC233EBE4354}.Debug|Any CPU.Build.0 = Debug|Any CPU
		{4FE76384-166F-46AC-894B-EC233EBE4354}.localhost|Any CPU.ActiveCfg = Release|Any CPU
		{4FE76384-166F-46AC-894B-EC233EBE4354}.localhost|Any CPU.Build.0 = Release|Any CPU
		{4FE76384-166F-46AC-894B-EC233EBE4354}.production|Any CPU.ActiveCfg = Release|Any CPU
		{4FE76384-166F-46AC-894B-EC233EBE4354}.production|Any CPU.Build.0 = Release|Any CPU
		{4FE76384-166F-46AC-894B-EC233EBE4354}.Release|Any CPU.ActiveCfg = Release|Any CPU
		{4FE76384-166F-46AC-894B-EC233EBE4354}.Release|Any CPU.Build.0 = Release|Any CPU
		{4FE76384-166F-46AC-894B-EC233EBE4354}.Staging|Any CPU.ActiveCfg = Release|Any CPU
		{4FE76384-166F-46AC-894B-EC233EBE4354}.Staging|Any CPU.Build.0 = Release|Any CPU
		{4FE76384-166F-46AC-894B-EC233EBE4354}.Staging2|Any CPU.ActiveCfg = Release|Any CPU
		{4FE76384-166F-46AC-894B-EC233EBE4354}.Staging2|Any CPU.Build.0 = Release|Any CPU
		{4FE76384-166F-46AC-894B-EC233EBE4354}.StagingUiTest|Any CPU.ActiveCfg = Release|Any CPU
		{4FE76384-166F-46AC-894B-EC233EBE4354}.StagingUiTest|Any CPU.Build.0 = Release|Any CPU
		{4FE76384-166F-46AC-894B-EC233EBE4354}.vienna|Any CPU.ActiveCfg = Release|Any CPU
		{4FE76384-166F-46AC-894B-EC233EBE4354}.vienna|Any CPU.Build.0 = Release|Any CPU
		{4FE76384-166F-46AC-894B-EC233EBE4354}.Zurich|Any CPU.ActiveCfg = Release|Any CPU
		{4FE76384-166F-46AC-894B-EC233EBE4354}.Zurich|Any CPU.Build.0 = Release|Any CPU
		{6632744F-8661-44CF-BDD6-BC7C12F950FB}.Betcenter|Any CPU.ActiveCfg = Release|Any CPU
		{6632744F-8661-44CF-BDD6-BC7C12F950FB}.Betcenter|Any CPU.Build.0 = Release|Any CPU
		{6632744F-8661-44CF-BDD6-BC7C12F950FB}.Betcenter2|Any CPU.ActiveCfg = Betcenter2|Any CPU
		{6632744F-8661-44CF-BDD6-BC7C12F950FB}.Betcenter2|Any CPU.Build.0 = Betcenter2|Any CPU
		{6632744F-8661-44CF-BDD6-BC7C12F950FB}.Debug|Any CPU.ActiveCfg = Debug|Any CPU
		{6632744F-8661-44CF-BDD6-BC7C12F950FB}.Debug|Any CPU.Build.0 = Debug|Any CPU
		{6632744F-8661-44CF-BDD6-BC7C12F950FB}.localhost|Any CPU.ActiveCfg = Release|Any CPU
		{6632744F-8661-44CF-BDD6-BC7C12F950FB}.localhost|Any CPU.Build.0 = Release|Any CPU
		{6632744F-8661-44CF-BDD6-BC7C12F950FB}.production|Any CPU.ActiveCfg = Release|Any CPU
		{6632744F-8661-44CF-BDD6-BC7C12F950FB}.production|Any CPU.Build.0 = Release|Any CPU
		{6632744F-8661-44CF-BDD6-BC7C12F950FB}.Release|Any CPU.ActiveCfg = Release|Any CPU
		{6632744F-8661-44CF-BDD6-BC7C12F950FB}.Release|Any CPU.Build.0 = Release|Any CPU
		{6632744F-8661-44CF-BDD6-BC7C12F950FB}.Staging|Any CPU.ActiveCfg = Release|Any CPU
		{6632744F-8661-44CF-BDD6-BC7C12F950FB}.Staging|Any CPU.Build.0 = Release|Any CPU
		{6632744F-8661-44CF-BDD6-BC7C12F950FB}.Staging2|Any CPU.ActiveCfg = Release|Any CPU
		{6632744F-8661-44CF-BDD6-BC7C12F950FB}.Staging2|Any CPU.Build.0 = Release|Any CPU
		{6632744F-8661-44CF-BDD6-BC7C12F950FB}.StagingUiTest|Any CPU.ActiveCfg = Release|Any CPU
		{6632744F-8661-44CF-BDD6-BC7C12F950FB}.StagingUiTest|Any CPU.Build.0 = Release|Any CPU
		{6632744F-8661-44CF-BDD6-BC7C12F950FB}.vienna|Any CPU.ActiveCfg = Release|Any CPU
		{6632744F-8661-44CF-BDD6-BC7C12F950FB}.vienna|Any CPU.Build.0 = Release|Any CPU
		{6632744F-8661-44CF-BDD6-BC7C12F950FB}.Zurich|Any CPU.ActiveCfg = Release|Any CPU
		{6632744F-8661-44CF-BDD6-BC7C12F950FB}.Zurich|Any CPU.Build.0 = Release|Any CPU
		{11107EB4-AEAD-40DA-90CE-B226E34E14FC}.Betcenter|Any CPU.ActiveCfg = Betcenter|Any CPU
		{11107EB4-AEAD-40DA-90CE-B226E34E14FC}.Betcenter|Any CPU.Build.0 = Betcenter|Any CPU
		{11107EB4-AEAD-40DA-90CE-B226E34E14FC}.Betcenter2|Any CPU.ActiveCfg = Betcenter2|Any CPU
		{11107EB4-AEAD-40DA-90CE-B226E34E14FC}.Betcenter2|Any CPU.Build.0 = Betcenter2|Any CPU
		{11107EB4-AEAD-40DA-90CE-B226E34E14FC}.Debug|Any CPU.ActiveCfg = Debug|Any CPU
		{11107EB4-AEAD-40DA-90CE-B226E34E14FC}.Debug|Any CPU.Build.0 = Debug|Any CPU
		{11107EB4-AEAD-40DA-90CE-B226E34E14FC}.localhost|Any CPU.ActiveCfg = localhost|Any CPU
		{11107EB4-AEAD-40DA-90CE-B226E34E14FC}.localhost|Any CPU.Build.0 = localhost|Any CPU
		{11107EB4-AEAD-40DA-90CE-B226E34E14FC}.production|Any CPU.ActiveCfg = Release|Any CPU
		{11107EB4-AEAD-40DA-90CE-B226E34E14FC}.production|Any CPU.Build.0 = Release|Any CPU
		{11107EB4-AEAD-40DA-90CE-B226E34E14FC}.Release|Any CPU.ActiveCfg = Release|Any CPU
		{11107EB4-AEAD-40DA-90CE-B226E34E14FC}.Release|Any CPU.Build.0 = Release|Any CPU
		{11107EB4-AEAD-40DA-90CE-B226E34E14FC}.Staging|Any CPU.ActiveCfg = Release|Any CPU
		{11107EB4-AEAD-40DA-90CE-B226E34E14FC}.Staging|Any CPU.Build.0 = Release|Any CPU
		{11107EB4-AEAD-40DA-90CE-B226E34E14FC}.Staging2|Any CPU.ActiveCfg = Release|Any CPU
		{11107EB4-AEAD-40DA-90CE-B226E34E14FC}.Staging2|Any CPU.Build.0 = Release|Any CPU
		{11107EB4-AEAD-40DA-90CE-B226E34E14FC}.StagingUiTest|Any CPU.ActiveCfg = Release|Any CPU
		{11107EB4-AEAD-40DA-90CE-B226E34E14FC}.StagingUiTest|Any CPU.Build.0 = Release|Any CPU
		{11107EB4-AEAD-40DA-90CE-B226E34E14FC}.vienna|Any CPU.ActiveCfg = Release|Any CPU
		{11107EB4-AEAD-40DA-90CE-B226E34E14FC}.vienna|Any CPU.Build.0 = Release|Any CPU
		{11107EB4-AEAD-40DA-90CE-B226E34E14FC}.Zurich|Any CPU.ActiveCfg = Release|Any CPU
		{11107EB4-AEAD-40DA-90CE-B226E34E14FC}.Zurich|Any CPU.Build.0 = Release|Any CPU
		{CAF16909-50E9-4C34-A515-6AC38F21EBC4}.Betcenter|Any CPU.ActiveCfg = Release|Any CPU
		{CAF16909-50E9-4C34-A515-6AC38F21EBC4}.Betcenter|Any CPU.Build.0 = Release|Any CPU
		{CAF16909-50E9-4C34-A515-6AC38F21EBC4}.Betcenter2|Any CPU.ActiveCfg = Betcenter2|Any CPU
		{CAF16909-50E9-4C34-A515-6AC38F21EBC4}.Betcenter2|Any CPU.Build.0 = Betcenter2|Any CPU
		{CAF16909-50E9-4C34-A515-6AC38F21EBC4}.Debug|Any CPU.ActiveCfg = Debug|Any CPU
		{CAF16909-50E9-4C34-A515-6AC38F21EBC4}.Debug|Any CPU.Build.0 = Debug|Any CPU
		{CAF16909-50E9-4C34-A515-6AC38F21EBC4}.localhost|Any CPU.ActiveCfg = Release|Any CPU
		{CAF16909-50E9-4C34-A515-6AC38F21EBC4}.localhost|Any CPU.Build.0 = Release|Any CPU
		{CAF16909-50E9-4C34-A515-6AC38F21EBC4}.production|Any CPU.ActiveCfg = Release|Any CPU
		{CAF16909-50E9-4C34-A515-6AC38F21EBC4}.production|Any CPU.Build.0 = Release|Any CPU
		{CAF16909-50E9-4C34-A515-6AC38F21EBC4}.Release|Any CPU.ActiveCfg = Release|Any CPU
		{CAF16909-50E9-4C34-A515-6AC38F21EBC4}.Release|Any CPU.Build.0 = Release|Any CPU
		{CAF16909-50E9-4C34-A515-6AC38F21EBC4}.Staging|Any CPU.ActiveCfg = Release|Any CPU
		{CAF16909-50E9-4C34-A515-6AC38F21EBC4}.Staging|Any CPU.Build.0 = Release|Any CPU
		{CAF16909-50E9-4C34-A515-6AC38F21EBC4}.Staging2|Any CPU.ActiveCfg = Release|Any CPU
		{CAF16909-50E9-4C34-A515-6AC38F21EBC4}.Staging2|Any CPU.Build.0 = Release|Any CPU
		{CAF16909-50E9-4C34-A515-6AC38F21EBC4}.StagingUiTest|Any CPU.ActiveCfg = Release|Any CPU
		{CAF16909-50E9-4C34-A515-6AC38F21EBC4}.StagingUiTest|Any CPU.Build.0 = Release|Any CPU
		{CAF16909-50E9-4C34-A515-6AC38F21EBC4}.vienna|Any CPU.ActiveCfg = Release|Any CPU
		{CAF16909-50E9-4C34-A515-6AC38F21EBC4}.vienna|Any CPU.Build.0 = Release|Any CPU
		{CAF16909-50E9-4C34-A515-6AC38F21EBC4}.Zurich|Any CPU.ActiveCfg = Release|Any CPU
		{CAF16909-50E9-4C34-A515-6AC38F21EBC4}.Zurich|Any CPU.Build.0 = Release|Any CPU
		{65970A87-C528-4C43-A437-17754EB7AF89}.Betcenter|Any CPU.ActiveCfg = Release|Any CPU
		{65970A87-C528-4C43-A437-17754EB7AF89}.Betcenter|Any CPU.Build.0 = Release|Any CPU
		{65970A87-C528-4C43-A437-17754EB7AF89}.Betcenter2|Any CPU.ActiveCfg = Betcenter2|Any CPU
		{65970A87-C528-4C43-A437-17754EB7AF89}.Betcenter2|Any CPU.Build.0 = Betcenter2|Any CPU
		{65970A87-C528-4C43-A437-17754EB7AF89}.Debug|Any CPU.ActiveCfg = Debug|Any CPU
		{65970A87-C528-4C43-A437-17754EB7AF89}.Debug|Any CPU.Build.0 = Debug|Any CPU
		{65970A87-C528-4C43-A437-17754EB7AF89}.localhost|Any CPU.ActiveCfg = Release|Any CPU
		{65970A87-C528-4C43-A437-17754EB7AF89}.localhost|Any CPU.Build.0 = Release|Any CPU
		{65970A87-C528-4C43-A437-17754EB7AF89}.production|Any CPU.ActiveCfg = Release|Any CPU
		{65970A87-C528-4C43-A437-17754EB7AF89}.production|Any CPU.Build.0 = Release|Any CPU
		{65970A87-C528-4C43-A437-17754EB7AF89}.Release|Any CPU.ActiveCfg = Release|Any CPU
		{65970A87-C528-4C43-A437-17754EB7AF89}.Release|Any CPU.Build.0 = Release|Any CPU
		{65970A87-C528-4C43-A437-17754EB7AF89}.Staging|Any CPU.ActiveCfg = Release|Any CPU
		{65970A87-C528-4C43-A437-17754EB7AF89}.Staging|Any CPU.Build.0 = Release|Any CPU
		{65970A87-C528-4C43-A437-17754EB7AF89}.Staging2|Any CPU.ActiveCfg = Release|Any CPU
		{65970A87-C528-4C43-A437-17754EB7AF89}.Staging2|Any CPU.Build.0 = Release|Any CPU
		{65970A87-C528-4C43-A437-17754EB7AF89}.StagingUiTest|Any CPU.ActiveCfg = Release|Any CPU
		{65970A87-C528-4C43-A437-17754EB7AF89}.StagingUiTest|Any CPU.Build.0 = Release|Any CPU
		{65970A87-C528-4C43-A437-17754EB7AF89}.vienna|Any CPU.ActiveCfg = Release|Any CPU
		{65970A87-C528-4C43-A437-17754EB7AF89}.vienna|Any CPU.Build.0 = Release|Any CPU
		{65970A87-C528-4C43-A437-17754EB7AF89}.Zurich|Any CPU.ActiveCfg = Release|Any CPU
		{65970A87-C528-4C43-A437-17754EB7AF89}.Zurich|Any CPU.Build.0 = Release|Any CPU
		{ADB304C4-7777-4602-99D4-11705451F9D7}.Betcenter|Any CPU.ActiveCfg = Release|Any CPU
		{ADB304C4-7777-4602-99D4-11705451F9D7}.Betcenter|Any CPU.Build.0 = Release|Any CPU
		{ADB304C4-7777-4602-99D4-11705451F9D7}.Betcenter2|Any CPU.ActiveCfg = Debug|Any CPU
		{ADB304C4-7777-4602-99D4-11705451F9D7}.Betcenter2|Any CPU.Build.0 = Debug|Any CPU
		{ADB304C4-7777-4602-99D4-11705451F9D7}.Debug|Any CPU.ActiveCfg = Debug|Any CPU
		{ADB304C4-7777-4602-99D4-11705451F9D7}.Debug|Any CPU.Build.0 = Debug|Any CPU
		{ADB304C4-7777-4602-99D4-11705451F9D7}.localhost|Any CPU.ActiveCfg = Release|Any CPU
		{ADB304C4-7777-4602-99D4-11705451F9D7}.localhost|Any CPU.Build.0 = Release|Any CPU
		{ADB304C4-7777-4602-99D4-11705451F9D7}.production|Any CPU.ActiveCfg = Release|Any CPU
		{ADB304C4-7777-4602-99D4-11705451F9D7}.production|Any CPU.Build.0 = Release|Any CPU
		{ADB304C4-7777-4602-99D4-11705451F9D7}.Release|Any CPU.ActiveCfg = Release|Any CPU
		{ADB304C4-7777-4602-99D4-11705451F9D7}.Release|Any CPU.Build.0 = Release|Any CPU
		{ADB304C4-7777-4602-99D4-11705451F9D7}.Staging|Any CPU.ActiveCfg = Release|Any CPU
		{ADB304C4-7777-4602-99D4-11705451F9D7}.Staging|Any CPU.Build.0 = Release|Any CPU
		{ADB304C4-7777-4602-99D4-11705451F9D7}.Staging2|Any CPU.ActiveCfg = Release|Any CPU
		{ADB304C4-7777-4602-99D4-11705451F9D7}.Staging2|Any CPU.Build.0 = Release|Any CPU
		{ADB304C4-7777-4602-99D4-11705451F9D7}.StagingUiTest|Any CPU.ActiveCfg = Release|Any CPU
		{ADB304C4-7777-4602-99D4-11705451F9D7}.StagingUiTest|Any CPU.Build.0 = Release|Any CPU
		{ADB304C4-7777-4602-99D4-11705451F9D7}.vienna|Any CPU.ActiveCfg = Release|Any CPU
		{ADB304C4-7777-4602-99D4-11705451F9D7}.vienna|Any CPU.Build.0 = Release|Any CPU
		{ADB304C4-7777-4602-99D4-11705451F9D7}.Zurich|Any CPU.ActiveCfg = Release|Any CPU
		{ADB304C4-7777-4602-99D4-11705451F9D7}.Zurich|Any CPU.Build.0 = Release|Any CPU
		{6720EDC1-A2C4-4774-8F6A-B567437E22A9}.Betcenter|Any CPU.ActiveCfg = Release|Any CPU
		{6720EDC1-A2C4-4774-8F6A-B567437E22A9}.Betcenter|Any CPU.Build.0 = Release|Any CPU
		{6720EDC1-A2C4-4774-8F6A-B567437E22A9}.Betcenter2|Any CPU.ActiveCfg = Release|Any CPU
		{6720EDC1-A2C4-4774-8F6A-B567437E22A9}.Betcenter2|Any CPU.Build.0 = Release|Any CPU
		{6720EDC1-A2C4-4774-8F6A-B567437E22A9}.Debug|Any CPU.ActiveCfg = Debug|Any CPU
		{6720EDC1-A2C4-4774-8F6A-B567437E22A9}.Debug|Any CPU.Build.0 = Debug|Any CPU
		{6720EDC1-A2C4-4774-8F6A-B567437E22A9}.localhost|Any CPU.ActiveCfg = Release|Any CPU
		{6720EDC1-A2C4-4774-8F6A-B567437E22A9}.localhost|Any CPU.Build.0 = Release|Any CPU
		{6720EDC1-A2C4-4774-8F6A-B567437E22A9}.production|Any CPU.ActiveCfg = Release|Any CPU
		{6720EDC1-A2C4-4774-8F6A-B567437E22A9}.production|Any CPU.Build.0 = Release|Any CPU
		{6720EDC1-A2C4-4774-8F6A-B567437E22A9}.Release|Any CPU.ActiveCfg = Release|Any CPU
		{6720EDC1-A2C4-4774-8F6A-B567437E22A9}.Release|Any CPU.Build.0 = Release|Any CPU
		{6720EDC1-A2C4-4774-8F6A-B567437E22A9}.Staging|Any CPU.ActiveCfg = Release|Any CPU
		{6720EDC1-A2C4-4774-8F6A-B567437E22A9}.Staging|Any CPU.Build.0 = Release|Any CPU
		{6720EDC1-A2C4-4774-8F6A-B567437E22A9}.Staging2|Any CPU.ActiveCfg = Release|Any CPU
		{6720EDC1-A2C4-4774-8F6A-B567437E22A9}.Staging2|Any CPU.Build.0 = Release|Any CPU
		{6720EDC1-A2C4-4774-8F6A-B567437E22A9}.StagingUiTest|Any CPU.ActiveCfg = Release|Any CPU
		{6720EDC1-A2C4-4774-8F6A-B567437E22A9}.StagingUiTest|Any CPU.Build.0 = Release|Any CPU
		{6720EDC1-A2C4-4774-8F6A-B567437E22A9}.vienna|Any CPU.ActiveCfg = Release|Any CPU
		{6720EDC1-A2C4-4774-8F6A-B567437E22A9}.vienna|Any CPU.Build.0 = Release|Any CPU
		{6720EDC1-A2C4-4774-8F6A-B567437E22A9}.Zurich|Any CPU.ActiveCfg = Release|Any CPU
		{6720EDC1-A2C4-4774-8F6A-B567437E22A9}.Zurich|Any CPU.Build.0 = Release|Any CPU
		{02E57AC9-AE08-4BA4-B401-F10107CBD338}.Betcenter|Any CPU.ActiveCfg = Release|Any CPU
		{02E57AC9-AE08-4BA4-B401-F10107CBD338}.Betcenter|Any CPU.Build.0 = Release|Any CPU
		{02E57AC9-AE08-4BA4-B401-F10107CBD338}.Betcenter2|Any CPU.ActiveCfg = Release|Any CPU
		{02E57AC9-AE08-4BA4-B401-F10107CBD338}.Betcenter2|Any CPU.Build.0 = Release|Any CPU
		{02E57AC9-AE08-4BA4-B401-F10107CBD338}.Debug|Any CPU.ActiveCfg = Debug|Any CPU
		{02E57AC9-AE08-4BA4-B401-F10107CBD338}.Debug|Any CPU.Build.0 = Debug|Any CPU
		{02E57AC9-AE08-4BA4-B401-F10107CBD338}.localhost|Any CPU.ActiveCfg = Release|Any CPU
		{02E57AC9-AE08-4BA4-B401-F10107CBD338}.localhost|Any CPU.Build.0 = Release|Any CPU
		{02E57AC9-AE08-4BA4-B401-F10107CBD338}.production|Any CPU.ActiveCfg = Release|Any CPU
		{02E57AC9-AE08-4BA4-B401-F10107CBD338}.production|Any CPU.Build.0 = Release|Any CPU
		{02E57AC9-AE08-4BA4-B401-F10107CBD338}.Release|Any CPU.ActiveCfg = Release|Any CPU
		{02E57AC9-AE08-4BA4-B401-F10107CBD338}.Release|Any CPU.Build.0 = Release|Any CPU
		{02E57AC9-AE08-4BA4-B401-F10107CBD338}.Staging|Any CPU.ActiveCfg = Release|Any CPU
		{02E57AC9-AE08-4BA4-B401-F10107CBD338}.Staging|Any CPU.Build.0 = Release|Any CPU
		{02E57AC9-AE08-4BA4-B401-F10107CBD338}.Staging2|Any CPU.ActiveCfg = Release|Any CPU
		{02E57AC9-AE08-4BA4-B401-F10107CBD338}.Staging2|Any CPU.Build.0 = Release|Any CPU
		{02E57AC9-AE08-4BA4-B401-F10107CBD338}.StagingUiTest|Any CPU.ActiveCfg = Release|Any CPU
		{02E57AC9-AE08-4BA4-B401-F10107CBD338}.StagingUiTest|Any CPU.Build.0 = Release|Any CPU
		{02E57AC9-AE08-4BA4-B401-F10107CBD338}.vienna|Any CPU.ActiveCfg = Release|Any CPU
		{02E57AC9-AE08-4BA4-B401-F10107CBD338}.vienna|Any CPU.Build.0 = Release|Any CPU
		{02E57AC9-AE08-4BA4-B401-F10107CBD338}.Zurich|Any CPU.ActiveCfg = Release|Any CPU
		{02E57AC9-AE08-4BA4-B401-F10107CBD338}.Zurich|Any CPU.Build.0 = Release|Any CPU
		{C498BDF6-5864-4293-8C4B-09CB50BE9DD2}.Betcenter|Any CPU.ActiveCfg = Betcenter|Any CPU
		{C498BDF6-5864-4293-8C4B-09CB50BE9DD2}.Betcenter|Any CPU.Build.0 = Betcenter|Any CPU
		{C498BDF6-5864-4293-8C4B-09CB50BE9DD2}.Betcenter2|Any CPU.ActiveCfg = Betcenter2|Any CPU
		{C498BDF6-5864-4293-8C4B-09CB50BE9DD2}.Betcenter2|Any CPU.Build.0 = Betcenter2|Any CPU
		{C498BDF6-5864-4293-8C4B-09CB50BE9DD2}.Debug|Any CPU.ActiveCfg = Debug|Any CPU
		{C498BDF6-5864-4293-8C4B-09CB50BE9DD2}.Debug|Any CPU.Build.0 = Debug|Any CPU
		{C498BDF6-5864-4293-8C4B-09CB50BE9DD2}.localhost|Any CPU.ActiveCfg = localhost|Any CPU
		{C498BDF6-5864-4293-8C4B-09CB50BE9DD2}.localhost|Any CPU.Build.0 = localhost|Any CPU
		{C498BDF6-5864-4293-8C4B-09CB50BE9DD2}.production|Any CPU.ActiveCfg = production|Any CPU
		{C498BDF6-5864-4293-8C4B-09CB50BE9DD2}.production|Any CPU.Build.0 = production|Any CPU
		{C498BDF6-5864-4293-8C4B-09CB50BE9DD2}.Release|Any CPU.ActiveCfg = Release|Any CPU
		{C498BDF6-5864-4293-8C4B-09CB50BE9DD2}.Release|Any CPU.Build.0 = Release|Any CPU
		{C498BDF6-5864-4293-8C4B-09CB50BE9DD2}.Staging|Any CPU.ActiveCfg = Staging|Any CPU
		{C498BDF6-5864-4293-8C4B-09CB50BE9DD2}.Staging|Any CPU.Build.0 = Staging|Any CPU
		{C498BDF6-5864-4293-8C4B-09CB50BE9DD2}.Staging2|Any CPU.ActiveCfg = Staging2|Any CPU
		{C498BDF6-5864-4293-8C4B-09CB50BE9DD2}.Staging2|Any CPU.Build.0 = Staging2|Any CPU
		{C498BDF6-5864-4293-8C4B-09CB50BE9DD2}.StagingUiTest|Any CPU.ActiveCfg = StagingUiTest|Any CPU
		{C498BDF6-5864-4293-8C4B-09CB50BE9DD2}.StagingUiTest|Any CPU.Build.0 = StagingUiTest|Any CPU
		{C498BDF6-5864-4293-8C4B-09CB50BE9DD2}.vienna|Any CPU.ActiveCfg = vienna|Any CPU
		{C498BDF6-5864-4293-8C4B-09CB50BE9DD2}.vienna|Any CPU.Build.0 = vienna|Any CPU
		{C498BDF6-5864-4293-8C4B-09CB50BE9DD2}.Zurich|Any CPU.ActiveCfg = Zurich|Any CPU
		{C498BDF6-5864-4293-8C4B-09CB50BE9DD2}.Zurich|Any CPU.Build.0 = Zurich|Any CPU
		{F0AF866C-A54E-46E1-AA0C-C1F035363E86}.Betcenter|Any CPU.ActiveCfg = Release|Any CPU
		{F0AF866C-A54E-46E1-AA0C-C1F035363E86}.Betcenter|Any CPU.Build.0 = Release|Any CPU
		{F0AF866C-A54E-46E1-AA0C-C1F035363E86}.Betcenter2|Any CPU.ActiveCfg = Release|Any CPU
		{F0AF866C-A54E-46E1-AA0C-C1F035363E86}.Betcenter2|Any CPU.Build.0 = Release|Any CPU
		{F0AF866C-A54E-46E1-AA0C-C1F035363E86}.Debug|Any CPU.ActiveCfg = Debug|Any CPU
		{F0AF866C-A54E-46E1-AA0C-C1F035363E86}.Debug|Any CPU.Build.0 = Debug|Any CPU
		{F0AF866C-A54E-46E1-AA0C-C1F035363E86}.localhost|Any CPU.ActiveCfg = Release|Any CPU
		{F0AF866C-A54E-46E1-AA0C-C1F035363E86}.localhost|Any CPU.Build.0 = Release|Any CPU
		{F0AF866C-A54E-46E1-AA0C-C1F035363E86}.production|Any CPU.ActiveCfg = production|Any CPU
		{F0AF866C-A54E-46E1-AA0C-C1F035363E86}.production|Any CPU.Build.0 = production|Any CPU
		{F0AF866C-A54E-46E1-AA0C-C1F035363E86}.Release|Any CPU.ActiveCfg = Release|Any CPU
		{F0AF866C-A54E-46E1-AA0C-C1F035363E86}.Release|Any CPU.Build.0 = Release|Any CPU
		{F0AF866C-A54E-46E1-AA0C-C1F035363E86}.Staging|Any CPU.ActiveCfg = Staging|Any CPU
		{F0AF866C-A54E-46E1-AA0C-C1F035363E86}.Staging|Any CPU.Build.0 = Staging|Any CPU
		{F0AF866C-A54E-46E1-AA0C-C1F035363E86}.Staging2|Any CPU.ActiveCfg = Staging2|Any CPU
		{F0AF866C-A54E-46E1-AA0C-C1F035363E86}.Staging2|Any CPU.Build.0 = Staging2|Any CPU
		{F0AF866C-A54E-46E1-AA0C-C1F035363E86}.StagingUiTest|Any CPU.ActiveCfg = Release|Any CPU
		{F0AF866C-A54E-46E1-AA0C-C1F035363E86}.StagingUiTest|Any CPU.Build.0 = Release|Any CPU
		{F0AF866C-A54E-46E1-AA0C-C1F035363E86}.vienna|Any CPU.ActiveCfg = vienna|Any CPU
		{F0AF866C-A54E-46E1-AA0C-C1F035363E86}.vienna|Any CPU.Build.0 = vienna|Any CPU
		{F0AF866C-A54E-46E1-AA0C-C1F035363E86}.Zurich|Any CPU.ActiveCfg = Zurich|Any CPU
		{F0AF866C-A54E-46E1-AA0C-C1F035363E86}.Zurich|Any CPU.Build.0 = Zurich|Any CPU
		{AF2BCE08-C65B-44A3-B4C9-64C0A692E3D3}.Betcenter|Any CPU.ActiveCfg = Release|Any CPU
		{AF2BCE08-C65B-44A3-B4C9-64C0A692E3D3}.Betcenter|Any CPU.Build.0 = Release|Any CPU
		{AF2BCE08-C65B-44A3-B4C9-64C0A692E3D3}.Betcenter2|Any CPU.ActiveCfg = Release|Any CPU
		{AF2BCE08-C65B-44A3-B4C9-64C0A692E3D3}.Betcenter2|Any CPU.Build.0 = Release|Any CPU
		{AF2BCE08-C65B-44A3-B4C9-64C0A692E3D3}.Debug|Any CPU.ActiveCfg = Debug|Any CPU
		{AF2BCE08-C65B-44A3-B4C9-64C0A692E3D3}.Debug|Any CPU.Build.0 = Debug|Any CPU
		{AF2BCE08-C65B-44A3-B4C9-64C0A692E3D3}.localhost|Any CPU.ActiveCfg = Release|Any CPU
		{AF2BCE08-C65B-44A3-B4C9-64C0A692E3D3}.localhost|Any CPU.Build.0 = Release|Any CPU
		{AF2BCE08-C65B-44A3-B4C9-64C0A692E3D3}.production|Any CPU.ActiveCfg = production|Any CPU
		{AF2BCE08-C65B-44A3-B4C9-64C0A692E3D3}.production|Any CPU.Build.0 = production|Any CPU
		{AF2BCE08-C65B-44A3-B4C9-64C0A692E3D3}.Release|Any CPU.ActiveCfg = Release|Any CPU
		{AF2BCE08-C65B-44A3-B4C9-64C0A692E3D3}.Release|Any CPU.Build.0 = Release|Any CPU
		{AF2BCE08-C65B-44A3-B4C9-64C0A692E3D3}.Staging|Any CPU.ActiveCfg = Staging|Any CPU
		{AF2BCE08-C65B-44A3-B4C9-64C0A692E3D3}.Staging|Any CPU.Build.0 = Staging|Any CPU
		{AF2BCE08-C65B-44A3-B4C9-64C0A692E3D3}.Staging2|Any CPU.ActiveCfg = Staging2|Any CPU
		{AF2BCE08-C65B-44A3-B4C9-64C0A692E3D3}.Staging2|Any CPU.Build.0 = Staging2|Any CPU
		{AF2BCE08-C65B-44A3-B4C9-64C0A692E3D3}.StagingUiTest|Any CPU.ActiveCfg = StagingUiTest|Any CPU
		{AF2BCE08-C65B-44A3-B4C9-64C0A692E3D3}.StagingUiTest|Any CPU.Build.0 = StagingUiTest|Any CPU
		{AF2BCE08-C65B-44A3-B4C9-64C0A692E3D3}.vienna|Any CPU.ActiveCfg = vienna|Any CPU
		{AF2BCE08-C65B-44A3-B4C9-64C0A692E3D3}.vienna|Any CPU.Build.0 = vienna|Any CPU
		{AF2BCE08-C65B-44A3-B4C9-64C0A692E3D3}.Zurich|Any CPU.ActiveCfg = Zurich|Any CPU
		{AF2BCE08-C65B-44A3-B4C9-64C0A692E3D3}.Zurich|Any CPU.Build.0 = Zurich|Any CPU
		{F535DE63-18AD-4205-A6EE-1EBFE0121372}.Betcenter|Any CPU.ActiveCfg = Release|Any CPU
		{F535DE63-18AD-4205-A6EE-1EBFE0121372}.Betcenter|Any CPU.Build.0 = Release|Any CPU
		{F535DE63-18AD-4205-A6EE-1EBFE0121372}.Betcenter2|Any CPU.ActiveCfg = Release|Any CPU
		{F535DE63-18AD-4205-A6EE-1EBFE0121372}.Betcenter2|Any CPU.Build.0 = Release|Any CPU
		{F535DE63-18AD-4205-A6EE-1EBFE0121372}.Debug|Any CPU.ActiveCfg = Debug|Any CPU
		{F535DE63-18AD-4205-A6EE-1EBFE0121372}.Debug|Any CPU.Build.0 = Debug|Any CPU
		{F535DE63-18AD-4205-A6EE-1EBFE0121372}.localhost|Any CPU.ActiveCfg = Release|Any CPU
		{F535DE63-18AD-4205-A6EE-1EBFE0121372}.localhost|Any CPU.Build.0 = Release|Any CPU
		{F535DE63-18AD-4205-A6EE-1EBFE0121372}.production|Any CPU.ActiveCfg = Release|Any CPU
		{F535DE63-18AD-4205-A6EE-1EBFE0121372}.production|Any CPU.Build.0 = Release|Any CPU
		{F535DE63-18AD-4205-A6EE-1EBFE0121372}.Release|Any CPU.ActiveCfg = Release|Any CPU
		{F535DE63-18AD-4205-A6EE-1EBFE0121372}.Release|Any CPU.Build.0 = Release|Any CPU
		{F535DE63-18AD-4205-A6EE-1EBFE0121372}.Staging|Any CPU.ActiveCfg = Release|Any CPU
		{F535DE63-18AD-4205-A6EE-1EBFE0121372}.Staging|Any CPU.Build.0 = Release|Any CPU
		{F535DE63-18AD-4205-A6EE-1EBFE0121372}.Staging2|Any CPU.ActiveCfg = Release|Any CPU
		{F535DE63-18AD-4205-A6EE-1EBFE0121372}.Staging2|Any CPU.Build.0 = Release|Any CPU
		{F535DE63-18AD-4205-A6EE-1EBFE0121372}.StagingUiTest|Any CPU.ActiveCfg = Release|Any CPU
		{F535DE63-18AD-4205-A6EE-1EBFE0121372}.StagingUiTest|Any CPU.Build.0 = Release|Any CPU
		{F535DE63-18AD-4205-A6EE-1EBFE0121372}.vienna|Any CPU.ActiveCfg = Release|Any CPU
		{F535DE63-18AD-4205-A6EE-1EBFE0121372}.vienna|Any CPU.Build.0 = Release|Any CPU
		{F535DE63-18AD-4205-A6EE-1EBFE0121372}.Zurich|Any CPU.ActiveCfg = Release|Any CPU
		{F535DE63-18AD-4205-A6EE-1EBFE0121372}.Zurich|Any CPU.Build.0 = Release|Any CPU
		{4BCA4727-2F51-47AC-B2AE-72B357F7BAB7}.Betcenter|Any CPU.ActiveCfg = Release|Any CPU
		{4BCA4727-2F51-47AC-B2AE-72B357F7BAB7}.Betcenter|Any CPU.Build.0 = Release|Any CPU
		{4BCA4727-2F51-47AC-B2AE-72B357F7BAB7}.Betcenter2|Any CPU.ActiveCfg = Release|Any CPU
		{4BCA4727-2F51-47AC-B2AE-72B357F7BAB7}.Betcenter2|Any CPU.Build.0 = Release|Any CPU
		{4BCA4727-2F51-47AC-B2AE-72B357F7BAB7}.Debug|Any CPU.ActiveCfg = Debug|Any CPU
		{4BCA4727-2F51-47AC-B2AE-72B357F7BAB7}.Debug|Any CPU.Build.0 = Debug|Any CPU
		{4BCA4727-2F51-47AC-B2AE-72B357F7BAB7}.localhost|Any CPU.ActiveCfg = Release|Any CPU
		{4BCA4727-2F51-47AC-B2AE-72B357F7BAB7}.localhost|Any CPU.Build.0 = Release|Any CPU
		{4BCA4727-2F51-47AC-B2AE-72B357F7BAB7}.production|Any CPU.ActiveCfg = production|Any CPU
		{4BCA4727-2F51-47AC-B2AE-72B357F7BAB7}.production|Any CPU.Build.0 = production|Any CPU
		{4BCA4727-2F51-47AC-B2AE-72B357F7BAB7}.Release|Any CPU.ActiveCfg = Release|Any CPU
		{4BCA4727-2F51-47AC-B2AE-72B357F7BAB7}.Release|Any CPU.Build.0 = Release|Any CPU
		{4BCA4727-2F51-47AC-B2AE-72B357F7BAB7}.Staging|Any CPU.ActiveCfg = Staging|Any CPU
		{4BCA4727-2F51-47AC-B2AE-72B357F7BAB7}.Staging|Any CPU.Build.0 = Staging|Any CPU
		{4BCA4727-2F51-47AC-B2AE-72B357F7BAB7}.Staging2|Any CPU.ActiveCfg = Staging2|Any CPU
		{4BCA4727-2F51-47AC-B2AE-72B357F7BAB7}.Staging2|Any CPU.Build.0 = Staging2|Any CPU
		{4BCA4727-2F51-47AC-B2AE-72B357F7BAB7}.StagingUiTest|Any CPU.ActiveCfg = StagingUiTest|Any CPU
		{4BCA4727-2F51-47AC-B2AE-72B357F7BAB7}.StagingUiTest|Any CPU.Build.0 = StagingUiTest|Any CPU
		{4BCA4727-2F51-47AC-B2AE-72B357F7BAB7}.vienna|Any CPU.ActiveCfg = vienna|Any CPU
		{4BCA4727-2F51-47AC-B2AE-72B357F7BAB7}.vienna|Any CPU.Build.0 = vienna|Any CPU
		{4BCA4727-2F51-47AC-B2AE-72B357F7BAB7}.Zurich|Any CPU.ActiveCfg = Zurich|Any CPU
		{4BCA4727-2F51-47AC-B2AE-72B357F7BAB7}.Zurich|Any CPU.Build.0 = Zurich|Any CPU
		{2478624C-8EE9-4887-9486-8329FF77EC9B}.Betcenter|Any CPU.ActiveCfg = StagingUiTest|Any CPU
		{2478624C-8EE9-4887-9486-8329FF77EC9B}.Betcenter|Any CPU.Build.0 = StagingUiTest|Any CPU
		{2478624C-8EE9-4887-9486-8329FF77EC9B}.Betcenter2|Any CPU.ActiveCfg = StagingUiTest|Any CPU
		{2478624C-8EE9-4887-9486-8329FF77EC9B}.Betcenter2|Any CPU.Build.0 = StagingUiTest|Any CPU
		{2478624C-8EE9-4887-9486-8329FF77EC9B}.Debug|Any CPU.ActiveCfg = Debug|Any CPU
		{2478624C-8EE9-4887-9486-8329FF77EC9B}.Debug|Any CPU.Build.0 = Debug|Any CPU
		{2478624C-8EE9-4887-9486-8329FF77EC9B}.localhost|Any CPU.ActiveCfg = StagingUiTest|Any CPU
		{2478624C-8EE9-4887-9486-8329FF77EC9B}.localhost|Any CPU.Build.0 = StagingUiTest|Any CPU
		{2478624C-8EE9-4887-9486-8329FF77EC9B}.production|Any CPU.ActiveCfg = production|Any CPU
		{2478624C-8EE9-4887-9486-8329FF77EC9B}.production|Any CPU.Build.0 = production|Any CPU
		{2478624C-8EE9-4887-9486-8329FF77EC9B}.Release|Any CPU.ActiveCfg = Release|Any CPU
		{2478624C-8EE9-4887-9486-8329FF77EC9B}.Release|Any CPU.Build.0 = Release|Any CPU
		{2478624C-8EE9-4887-9486-8329FF77EC9B}.Staging|Any CPU.ActiveCfg = Staging|Any CPU
		{2478624C-8EE9-4887-9486-8329FF77EC9B}.Staging|Any CPU.Build.0 = Staging|Any CPU
		{2478624C-8EE9-4887-9486-8329FF77EC9B}.Staging2|Any CPU.ActiveCfg = Staging2|Any CPU
		{2478624C-8EE9-4887-9486-8329FF77EC9B}.Staging2|Any CPU.Build.0 = Staging2|Any CPU
		{2478624C-8EE9-4887-9486-8329FF77EC9B}.StagingUiTest|Any CPU.ActiveCfg = StagingUiTest|Any CPU
		{2478624C-8EE9-4887-9486-8329FF77EC9B}.StagingUiTest|Any CPU.Build.0 = StagingUiTest|Any CPU
		{2478624C-8EE9-4887-9486-8329FF77EC9B}.vienna|Any CPU.ActiveCfg = vienna|Any CPU
		{2478624C-8EE9-4887-9486-8329FF77EC9B}.vienna|Any CPU.Build.0 = vienna|Any CPU
		{2478624C-8EE9-4887-9486-8329FF77EC9B}.Zurich|Any CPU.ActiveCfg = Zurich|Any CPU
		{2478624C-8EE9-4887-9486-8329FF77EC9B}.Zurich|Any CPU.Build.0 = Zurich|Any CPU
		{603B4E44-2EF1-4586-8253-812D574E298D}.Betcenter|Any CPU.ActiveCfg = Release|Any CPU
		{603B4E44-2EF1-4586-8253-812D574E298D}.Betcenter|Any CPU.Build.0 = Release|Any CPU
		{603B4E44-2EF1-4586-8253-812D574E298D}.Betcenter2|Any CPU.ActiveCfg = Release|Any CPU
		{603B4E44-2EF1-4586-8253-812D574E298D}.Betcenter2|Any CPU.Build.0 = Release|Any CPU
		{603B4E44-2EF1-4586-8253-812D574E298D}.Debug|Any CPU.ActiveCfg = Debug|Any CPU
		{603B4E44-2EF1-4586-8253-812D574E298D}.Debug|Any CPU.Build.0 = Debug|Any CPU
		{603B4E44-2EF1-4586-8253-812D574E298D}.localhost|Any CPU.ActiveCfg = Release|Any CPU
		{603B4E44-2EF1-4586-8253-812D574E298D}.localhost|Any CPU.Build.0 = Release|Any CPU
		{603B4E44-2EF1-4586-8253-812D574E298D}.production|Any CPU.ActiveCfg = Release|Any CPU
		{603B4E44-2EF1-4586-8253-812D574E298D}.production|Any CPU.Build.0 = Release|Any CPU
		{603B4E44-2EF1-4586-8253-812D574E298D}.Release|Any CPU.ActiveCfg = Release|Any CPU
		{603B4E44-2EF1-4586-8253-812D574E298D}.Release|Any CPU.Build.0 = Release|Any CPU
		{603B4E44-2EF1-4586-8253-812D574E298D}.Staging|Any CPU.ActiveCfg = Release|Any CPU
		{603B4E44-2EF1-4586-8253-812D574E298D}.Staging|Any CPU.Build.0 = Release|Any CPU
		{603B4E44-2EF1-4586-8253-812D574E298D}.Staging2|Any CPU.ActiveCfg = Release|Any CPU
		{603B4E44-2EF1-4586-8253-812D574E298D}.Staging2|Any CPU.Build.0 = Release|Any CPU
		{603B4E44-2EF1-4586-8253-812D574E298D}.StagingUiTest|Any CPU.ActiveCfg = Release|Any CPU
		{603B4E44-2EF1-4586-8253-812D574E298D}.StagingUiTest|Any CPU.Build.0 = Release|Any CPU
		{603B4E44-2EF1-4586-8253-812D574E298D}.vienna|Any CPU.ActiveCfg = Release|Any CPU
		{603B4E44-2EF1-4586-8253-812D574E298D}.vienna|Any CPU.Build.0 = Release|Any CPU
		{603B4E44-2EF1-4586-8253-812D574E298D}.Zurich|Any CPU.ActiveCfg = Release|Any CPU
		{603B4E44-2EF1-4586-8253-812D574E298D}.Zurich|Any CPU.Build.0 = Release|Any CPU
		{D8B2FA4F-2389-46EB-A95F-ECEC4D38791E}.Betcenter|Any CPU.ActiveCfg = StagingUiTest|Any CPU
		{D8B2FA4F-2389-46EB-A95F-ECEC4D38791E}.Betcenter|Any CPU.Build.0 = StagingUiTest|Any CPU
		{D8B2FA4F-2389-46EB-A95F-ECEC4D38791E}.Betcenter2|Any CPU.ActiveCfg = StagingUiTest|Any CPU
		{D8B2FA4F-2389-46EB-A95F-ECEC4D38791E}.Betcenter2|Any CPU.Build.0 = StagingUiTest|Any CPU
		{D8B2FA4F-2389-46EB-A95F-ECEC4D38791E}.Debug|Any CPU.ActiveCfg = Debug|Any CPU
		{D8B2FA4F-2389-46EB-A95F-ECEC4D38791E}.Debug|Any CPU.Build.0 = Debug|Any CPU
		{D8B2FA4F-2389-46EB-A95F-ECEC4D38791E}.localhost|Any CPU.ActiveCfg = StagingUiTest|Any CPU
		{D8B2FA4F-2389-46EB-A95F-ECEC4D38791E}.localhost|Any CPU.Build.0 = StagingUiTest|Any CPU
		{D8B2FA4F-2389-46EB-A95F-ECEC4D38791E}.production|Any CPU.ActiveCfg = production|Any CPU
		{D8B2FA4F-2389-46EB-A95F-ECEC4D38791E}.production|Any CPU.Build.0 = production|Any CPU
		{D8B2FA4F-2389-46EB-A95F-ECEC4D38791E}.Release|Any CPU.ActiveCfg = Release|Any CPU
		{D8B2FA4F-2389-46EB-A95F-ECEC4D38791E}.Release|Any CPU.Build.0 = Release|Any CPU
		{D8B2FA4F-2389-46EB-A95F-ECEC4D38791E}.Staging|Any CPU.ActiveCfg = Staging|Any CPU
		{D8B2FA4F-2389-46EB-A95F-ECEC4D38791E}.Staging|Any CPU.Build.0 = Staging|Any CPU
		{D8B2FA4F-2389-46EB-A95F-ECEC4D38791E}.Staging2|Any CPU.ActiveCfg = Staging2|Any CPU
		{D8B2FA4F-2389-46EB-A95F-ECEC4D38791E}.Staging2|Any CPU.Build.0 = Staging2|Any CPU
		{D8B2FA4F-2389-46EB-A95F-ECEC4D38791E}.StagingUiTest|Any CPU.ActiveCfg = StagingUiTest|Any CPU
		{D8B2FA4F-2389-46EB-A95F-ECEC4D38791E}.StagingUiTest|Any CPU.Build.0 = StagingUiTest|Any CPU
		{D8B2FA4F-2389-46EB-A95F-ECEC4D38791E}.vienna|Any CPU.ActiveCfg = vienna|Any CPU
		{D8B2FA4F-2389-46EB-A95F-ECEC4D38791E}.vienna|Any CPU.Build.0 = vienna|Any CPU
		{D8B2FA4F-2389-46EB-A95F-ECEC4D38791E}.Zurich|Any CPU.ActiveCfg = Zurich|Any CPU
		{D8B2FA4F-2389-46EB-A95F-ECEC4D38791E}.Zurich|Any CPU.Build.0 = Zurich|Any CPU
		{9C7A00C6-2824-446F-B1F4-80D7989E9115}.Betcenter|Any CPU.ActiveCfg = Release|Any CPU
		{9C7A00C6-2824-446F-B1F4-80D7989E9115}.Betcenter|Any CPU.Build.0 = Release|Any CPU
		{9C7A00C6-2824-446F-B1F4-80D7989E9115}.Betcenter2|Any CPU.ActiveCfg = Release|Any CPU
		{9C7A00C6-2824-446F-B1F4-80D7989E9115}.Betcenter2|Any CPU.Build.0 = Release|Any CPU
		{9C7A00C6-2824-446F-B1F4-80D7989E9115}.Debug|Any CPU.ActiveCfg = Debug|Any CPU
		{9C7A00C6-2824-446F-B1F4-80D7989E9115}.Debug|Any CPU.Build.0 = Debug|Any CPU
		{9C7A00C6-2824-446F-B1F4-80D7989E9115}.localhost|Any CPU.ActiveCfg = Release|Any CPU
		{9C7A00C6-2824-446F-B1F4-80D7989E9115}.localhost|Any CPU.Build.0 = Release|Any CPU
		{9C7A00C6-2824-446F-B1F4-80D7989E9115}.production|Any CPU.ActiveCfg = Release|Any CPU
		{9C7A00C6-2824-446F-B1F4-80D7989E9115}.production|Any CPU.Build.0 = Release|Any CPU
		{9C7A00C6-2824-446F-B1F4-80D7989E9115}.Release|Any CPU.ActiveCfg = Release|Any CPU
		{9C7A00C6-2824-446F-B1F4-80D7989E9115}.Release|Any CPU.Build.0 = Release|Any CPU
		{9C7A00C6-2824-446F-B1F4-80D7989E9115}.Staging|Any CPU.ActiveCfg = Release|Any CPU
		{9C7A00C6-2824-446F-B1F4-80D7989E9115}.Staging|Any CPU.Build.0 = Release|Any CPU
		{9C7A00C6-2824-446F-B1F4-80D7989E9115}.Staging2|Any CPU.ActiveCfg = Release|Any CPU
		{9C7A00C6-2824-446F-B1F4-80D7989E9115}.Staging2|Any CPU.Build.0 = Release|Any CPU
		{9C7A00C6-2824-446F-B1F4-80D7989E9115}.StagingUiTest|Any CPU.ActiveCfg = Release|Any CPU
		{9C7A00C6-2824-446F-B1F4-80D7989E9115}.StagingUiTest|Any CPU.Build.0 = Release|Any CPU
		{9C7A00C6-2824-446F-B1F4-80D7989E9115}.vienna|Any CPU.ActiveCfg = Release|Any CPU
		{9C7A00C6-2824-446F-B1F4-80D7989E9115}.vienna|Any CPU.Build.0 = Release|Any CPU
		{9C7A00C6-2824-446F-B1F4-80D7989E9115}.Zurich|Any CPU.ActiveCfg = Release|Any CPU
		{9C7A00C6-2824-446F-B1F4-80D7989E9115}.Zurich|Any CPU.Build.0 = Release|Any CPU
	EndGlobalSection
	GlobalSection(SolutionProperties) = preSolution
		HideSolutionNode = FALSE
	EndGlobalSection
	GlobalSection(NestedProjects) = preSolution
		{0C9CBDD8-8ED0-4B16-8C1E-34C86FBECB9C} = {49D9F98D-2E51-4A92-896E-E24CFD25BF1E}
		{CA23DBAE-4E2A-47C4-9E3B-F76308F8F054} = {0C9CBDD8-8ED0-4B16-8C1E-34C86FBECB9C}
		{79E50E95-4E0E-4C85-B9AE-E42CC380E2D3} = {CA23DBAE-4E2A-47C4-9E3B-F76308F8F054}
		{6FD89E5C-7854-4745-8DE4-A475642DAC38} = {0C9CBDD8-8ED0-4B16-8C1E-34C86FBECB9C}
		{6BCF1CE1-B0FB-4E91-968B-D826A046EC14} = {CA23DBAE-4E2A-47C4-9E3B-F76308F8F054}
		{461604F0-67C4-4AFF-AA82-6F5179944190} = {6FD89E5C-7854-4745-8DE4-A475642DAC38}
		{B51C2CE2-AEA5-4FFA-83CE-B799EB662EB5} = {6FD89E5C-7854-4745-8DE4-A475642DAC38}
		{827FB93F-45CF-47AD-A728-62CB5573AFE3} = {CA23DBAE-4E2A-47C4-9E3B-F76308F8F054}
		{BC955177-E070-4C54-9AD1-E7CAC1C8FD3F} = {CA23DBAE-4E2A-47C4-9E3B-F76308F8F054}
		{3DDA38DA-702C-408E-B56F-BEFF75D1B69D} = {0C9CBDD8-8ED0-4B16-8C1E-34C86FBECB9C}
		{A596DF82-427C-42C7-AF87-9B42F27E9C8B} = {CA23DBAE-4E2A-47C4-9E3B-F76308F8F054}
		{14A195A7-C838-49EF-85D1-56A0E61CD64D} = {CA23DBAE-4E2A-47C4-9E3B-F76308F8F054}
		{E9EED45C-F1D6-4AD3-B7A3-51AA9B7A5DA9} = {0C9CBDD8-8ED0-4B16-8C1E-34C86FBECB9C}
		{08BD705F-1997-47AD-B30A-6DFDFA00E53A} = {F1A46D24-A7F2-464B-9055-4EE8A3E2BBFA}
		{A2A567ED-2E6A-4885-8287-87A903D0B36D} = {CA23DBAE-4E2A-47C4-9E3B-F76308F8F054}
		{F70EEADB-C6BA-4F62-B50F-21A02810E168} = {6FD89E5C-7854-4745-8DE4-A475642DAC38}
		{0D4E9E7E-235A-445F-A97F-D502FBAF47C7} = {CA23DBAE-4E2A-47C4-9E3B-F76308F8F054}
		{8AC0E79B-EFDB-45F5-9F3E-F644ADB93A89} = {CA23DBAE-4E2A-47C4-9E3B-F76308F8F054}
		{171E5DB2-EAC9-42F8-B171-67E91A3B3417} = {CA23DBAE-4E2A-47C4-9E3B-F76308F8F054}
		{39E0A93B-4CB5-4EAB-B656-16412D54C60C} = {CA23DBAE-4E2A-47C4-9E3B-F76308F8F054}
		{4FE76384-166F-46AC-894B-EC233EBE4354} = {CA23DBAE-4E2A-47C4-9E3B-F76308F8F054}
		{6632744F-8661-44CF-BDD6-BC7C12F950FB} = {CA23DBAE-4E2A-47C4-9E3B-F76308F8F054}
		{11107EB4-AEAD-40DA-90CE-B226E34E14FC} = {CA23DBAE-4E2A-47C4-9E3B-F76308F8F054}
		{CAF16909-50E9-4C34-A515-6AC38F21EBC4} = {CA23DBAE-4E2A-47C4-9E3B-F76308F8F054}
		{65970A87-C528-4C43-A437-17754EB7AF89} = {0C9CBDD8-8ED0-4B16-8C1E-34C86FBECB9C}
		{ADB304C4-7777-4602-99D4-11705451F9D7} = {0C9CBDD8-8ED0-4B16-8C1E-34C86FBECB9C}
		{6720EDC1-A2C4-4774-8F6A-B567437E22A9} = {6FD89E5C-7854-4745-8DE4-A475642DAC38}
		{02E57AC9-AE08-4BA4-B401-F10107CBD338} = {6FD89E5C-7854-4745-8DE4-A475642DAC38}
		{C498BDF6-5864-4293-8C4B-09CB50BE9DD2} = {CA23DBAE-4E2A-47C4-9E3B-F76308F8F054}
		{F0AF866C-A54E-46E1-AA0C-C1F035363E86} = {CA23DBAE-4E2A-47C4-9E3B-F76308F8F054}
		{AF2BCE08-C65B-44A3-B4C9-64C0A692E3D3} = {CA23DBAE-4E2A-47C4-9E3B-F76308F8F054}
		{F535DE63-18AD-4205-A6EE-1EBFE0121372} = {CA23DBAE-4E2A-47C4-9E3B-F76308F8F054}
		{4BCA4727-2F51-47AC-B2AE-72B357F7BAB7} = {CA23DBAE-4E2A-47C4-9E3B-F76308F8F054}
		{2478624C-8EE9-4887-9486-8329FF77EC9B} = {CA23DBAE-4E2A-47C4-9E3B-F76308F8F054}
		{603B4E44-2EF1-4586-8253-812D574E298D} = {CA23DBAE-4E2A-47C4-9E3B-F76308F8F054}
		{D8B2FA4F-2389-46EB-A95F-ECEC4D38791E} = {CA23DBAE-4E2A-47C4-9E3B-F76308F8F054}
		{9C7A00C6-2824-446F-B1F4-80D7989E9115} = {6FD89E5C-7854-4745-8DE4-A475642DAC38}
	EndGlobalSection
	GlobalSection(ExtensibilityGlobals) = postSolution
		EnterpriseLibraryConfigurationToolBinariesPath = packages\Unity.2.1.505.0\lib\NET35 
	EndGlobalSection
	GlobalSection(TestCaseManagementSettings) = postSolution
		CategoryFile = SportBetting.vsmdi
	EndGlobalSection
	GlobalSection(SubversionScc) = preSolution
		Svn-Managed = True
		Manager = AnkhSVN - Subversion Support for Visual Studio
	EndGlobalSection
EndGlobal
