
Microsoft Visual Studio Solution File, Format Version 11.00
# Visual Studio 2010
Project("{FAE04EC0-301F-11D3-BF4B-00C04F79EFBC}") = "IDCardReader - Copy", "ConsoleApplication8\IDCardReader - Copy.csproj", "{16770543-71E6-4879-8E37-489432A9C198}"
EndProject
Project("{FAE04EC0-301F-11D3-BF4B-00C04F79EFBC}") = "Preferences", "..\Preferences\Preferences.csproj", "{F70EEADB-C6BA-4F62-B50F-21A02810E168}"
EndProject
Global
	GlobalSection(SolutionConfigurationPlatforms) = preSolution
		Debug|Any CPU = Debug|Any CPU
		Debug|x86 = Debug|x86
		Release|Any CPU = Release|Any CPU
		Release|x86 = Release|x86
	EndGlobalSection
	GlobalSection(ProjectConfigurationPlatforms) = postSolution
		{16770543-71E6-4879-8E37-489432A9C198}.Debug|Any CPU.ActiveCfg = Debug|Any CPU
		{16770543-71E6-4879-8E37-489432A9C198}.Debug|Any CPU.Build.0 = Debug|Any CPU
		{16770543-71E6-4879-8E37-489432A9C198}.Debug|x86.ActiveCfg = Debug|x86
		{16770543-71E6-4879-8E37-489432A9C198}.Debug|x86.Build.0 = Debug|x86
		{16770543-71E6-4879-8E37-489432A9C198}.Release|Any CPU.ActiveCfg = Release|Any CPU
		{16770543-71E6-4879-8E37-489432A9C198}.Release|Any CPU.Build.0 = Release|Any CPU
		{16770543-71E6-4879-8E37-489432A9C198}.Release|x86.ActiveCfg = Release|x86
		{16770543-71E6-4879-8E37-489432A9C198}.Release|x86.Build.0 = Release|x86
		{F70EEADB-C6BA-4F62-B50F-21A02810E168}.Debug|Any CPU.ActiveCfg = Debug|Any CPU
		{F70EEADB-C6BA-4F62-B50F-21A02810E168}.Debug|Any CPU.Build.0 = Debug|Any CPU
		{F70EEADB-C6BA-4F62-B50F-21A02810E168}.Debug|x86.ActiveCfg = Debug|Any CPU
		{F70EEADB-C6BA-4F62-B50F-21A02810E168}.Release|Any CPU.ActiveCfg = Release|Any CPU
		{F70EEADB-C6BA-4F62-B50F-21A02810E168}.Release|Any CPU.Build.0 = Release|Any CPU
		{F70EEADB-C6BA-4F62-B50F-21A02810E168}.Release|x86.ActiveCfg = Release|Any CPU
	EndGlobalSection
	GlobalSection(SolutionProperties) = preSolution
		HideSolutionNode = FALSE
	EndGlobalSection
EndGlobal
