
Microsoft Visual Studio Solution File, Format Version 12.00
# Visual Studio 2012
Project("{FAE04EC0-301F-11D3-BF4B-00C04F79EFBC}") = "Emulator", "Emulator\Emulator.csproj", "{2861E8FF-32C3-441C-B62F-281DE4D8425C}"
EndProject
Global
	GlobalSection(SolutionConfigurationPlatforms) = preSolution
		Debug|Any CPU = Debug|Any CPU
		Release|Any CPU = Release|Any CPU
	EndGlobalSection
	GlobalSection(ProjectConfigurationPlatforms) = postSolution
		{2861E8FF-32C3-441C-B62F-281DE4D8425C}.Debug|Any CPU.ActiveCfg = Debug|Any CPU
		{2861E8FF-32C3-441C-B62F-281DE4D8425C}.Debug|Any CPU.Build.0 = Debug|Any CPU
		{2861E8FF-32C3-441C-B62F-281DE4D8425C}.Release|Any CPU.ActiveCfg = Release|Any CPU
		{2861E8FF-32C3-441C-B62F-281DE4D8425C}.Release|Any CPU.Build.0 = Release|Any CPU
	EndGlobalSection
	GlobalSection(SolutionProperties) = preSolution
		HideSolutionNode = FALSE
	EndGlobalSection
EndGlobal
